{"SurveyEntry":{"SurveyID":"SV_5c1LW279lTOw83r","SurveyName":"Healthcare tool study consent form","SurveyDescription":null,"SurveyOwnerID":"UR_0ln9s2gTdNmFtCB","SurveyBrandID":"cmu","DivisionID":null,"SurveyLanguage":"EN","SurveyActiveResponseSet":"RS_1YXt0jvESsxMXXL","SurveyStatus":"Inactive","SurveyStartDate":"0000-00-00 00:00:00","SurveyExpirationDate":"0000-00-00 00:00:00","SurveyCreationDate":"2020-08-13 12:13:10","CreatorID":"UR_0ln9s2gTdNmFtCB","LastModified":"2022-06-19 12:25:07","LastAccessed":"0000-00-00 00:00:00","LastActivated":"2020-08-14 09:34:37","Deleted":null},"SurveyElements":[{"SurveyID":"SV_5c1LW279lTOw83r","Element":"BL","PrimaryAttribute":"Survey Blocks","SecondaryAttribute":null,"TertiaryAttribute":null,"Payload":{"1":{"Type":"Trash","Description":"Trash \/ Unused Questions","ID":"BL_71D8RIuDeumH8PP","BlockElements":[{"Type":"Question","QuestionID":"QID1"}]},"2":{"Type":"Standard","SubType":"","Description":"Consent","ID":"BL_07AHFMwyGcd0Nut","Options":{"BlockLocking":false,"RandomizeQuestions":"false","BlockVisibility":"Expanded"},"BlockElements":[{"Type":"Question","QuestionID":"QID2"},{"Type":"Question","QuestionID":"QID4"},{"Type":"Question","QuestionID":"QID3"},{"Type":"Question","QuestionID":"QID6"},{"Type":"Question","QuestionID":"QID5"}]}}},{"SurveyID":"SV_5c1LW279lTOw83r","Element":"FL","PrimaryAttribute":"Survey Flow","SecondaryAttribute":null,"TertiaryAttribute":null,"Payload":{"Type":"Root","FlowID":"FL_1","Flow":[{"Type":"Standard","ID":"BL_07AHFMwyGcd0Nut","FlowID":"FL_3","Autofill":[]},{"Type":"EmbeddedData","FlowID":"FL_6","EmbeddedData":[{"Description":"ChatbotStudyID","Type":"Recipient","Field":"ChatbotStudyID","VariableType":"String","DataVisibility":[],"AnalyzeText":false}]},{"Type":"Branch","FlowID":"FL_5","Description":"New Branch","BranchLogic":{"0":{"0":{"LogicType":"Question","QuestionID":"QID4","QuestionIsInLoop":"no","ChoiceLocator":"q:\/\/QID4\/SelectableChoice\/2","Operator":"Selected","QuestionIDFromLocator":"QID4","LeftOperand":"q:\/\/QID4\/SelectableChoice\/2","Type":"Expression","Description":"<span class=\"ConjDesc\">If<\/span> <span class=\"QuestionDesc\">I have read and understand the information above.<\/span> <span class=\"LeftOpDesc\">No<\/span> <span class=\"OpDesc\">Is Selected<\/span> "},"1":{"LogicType":"Question","QuestionID":"QID3","QuestionIsInLoop":"no","ChoiceLocator":"q:\/\/QID3\/SelectableChoice\/2","Operator":"Selected","QuestionIDFromLocator":"QID3","LeftOperand":"q:\/\/QID3\/SelectableChoice\/2","Type":"Expression","Description":"<span class=\"ConjDesc\">Or<\/span> <span class=\"QuestionDesc\">I am age 18 or older.<\/span> <span class=\"LeftOpDesc\">No<\/span> <span class=\"OpDesc\">Is Selected<\/span> ","Conjuction":"Or"},"2":{"LogicType":"Question","QuestionID":"QID6","QuestionIsInLoop":"no","ChoiceLocator":"q:\/\/QID6\/SelectableChoice\/2","Operator":"Selected","QuestionIDFromLocator":"QID6","LeftOperand":"q:\/\/QID6\/SelectableChoice\/2","Type":"Expression","Description":"<span class=\"ConjDesc\">Or<\/span> <span class=\"QuestionDesc\">I meet the other participant requirements listed above.<\/span> <span class=\"LeftOpDesc\">No<\/span> <span class=\"OpDesc\">Is Selected<\/span> ","Conjuction":"Or"},"3":{"LogicType":"Question","QuestionID":"QID5","QuestionIsInLoop":"no","ChoiceLocator":"q:\/\/QID5\/SelectableChoice\/2","Operator":"Selected","QuestionIDFromLocator":"QID5","LeftOperand":"q:\/\/QID5\/SelectableChoice\/2","Type":"Expression","Description":"<span class=\"ConjDesc\">Or<\/span> <span class=\"QuestionDesc\">I want to participate in this research and continue with the study.<\/span> <span class=\"LeftOpDesc\">No<\/span> <span class=\"OpDesc\">Is Selected<\/span> ","Conjuction":"Or"},"Type":"If"},"Type":"BooleanExpression"},"Flow":[{"Type":"EndSurvey","FlowID":"FL_4","EndingType":"Advanced","Options":{"Advanced":"true","SurveyTermination":"DisplayMessage","EOSMessageLibrary":"UR_0ln9s2gTdNmFtCB","EOSMessage":"MS_1Bqdsjm5th2zsbz","ResponseFlag":"Screened","EmailThankYou":"","ThankYouEmailMessageLibrary":"UR_0ln9s2gTdNmFtCB","ThankYouEmailMessage":"MS_8emVDcj78gA1DM1"}}]}],"Properties":{"Count":6,"RemovedFieldsets":[]}}},{"SurveyID":"SV_5c1LW279lTOw83r","Element":"SO","PrimaryAttribute":"Survey Options","SecondaryAttribute":null,"TertiaryAttribute":null,"Payload":{"BackButton":"false","SaveAndContinue":"true","SurveyProtection":"ByInvitation","BallotBoxStuffingPrevention":"false","NoIndex":"Yes","SecureResponseFiles":"true","SurveyExpiration":null,"SurveyTermination":"DisplayMessage","Header":"","Footer":"","ProgressBarDisplay":"None","PartialData":"+1 day","ValidationMessage":null,"PreviousButton":" \u2190 ","NextButton":" \u2192 ","SurveyTitle":"Online healthcare tool research study","SkinLibrary":"cmu","SkinType":"templated","Skin":{"brandingId":"7340054445","templateId":"*base","overrides":null},"NewScoring":1,"EOSMessage":"MS_4I8srXIvQdjn0j3","ShowExportTags":"false","CollectGeoLocation":"false","SurveyMetaDescription":"The most powerful, simple and trusted way to gather experience data. Start your journey to experience management and try a free account today.","PasswordProtection":"No","AnonymizeResponse":"No","Password":"","RefererCheck":"No","RefererURL":"http:\/\/","BallotBoxStuffingPreventionBehavior":null,"BallotBoxStuffingPreventionMessage":null,"BallotBoxStuffingPreventionMessageLibrary":null,"BallotBoxStuffingPreventionURL":null,"RecaptchaV3":"false","ConfirmStart":false,"AutoConfirmStart":false,"RelevantID":"false","RelevantIDLockoutPeriod":"+30 days","UseCustomSurveyLinkCompletedMessage":null,"SurveyLinkCompletedMessage":"","SurveyLinkCompletedMessageLibrary":"","ResponseSummary":"No","EOSMessageLibrary":"UR_0ln9s2gTdNmFtCB","EOSRedirectURL":"https:\/\/","EmailThankYou":"true","ThankYouEmailMessageLibrary":"UR_0ln9s2gTdNmFtCB","ThankYouEmailMessage":"MS_8emVDcj78gA1DM1","ValidateMessage":"false","ValidationMessageLibrary":null,"InactiveSurvey":"DefaultMessage","PartialDataCloseAfter":"LastActivity","ActiveResponseSet":null,"InactiveMessageLibrary":"","InactiveMessage":"","AvailableLanguages":{"EN":[]},"CustomStyles":[],"ProtectSelectionIds":true,"PartialDeletion":null}},{"SurveyID":"SV_5c1LW279lTOw83r","Element":"SCO","PrimaryAttribute":"Scoring","SecondaryAttribute":null,"TertiaryAttribute":null,"Payload":{"ScoringCategories":[],"ScoringCategoryGroups":[],"ScoringSummaryCategory":null,"ScoringSummaryAfterQuestions":0,"ScoringSummaryAfterSurvey":0,"DefaultScoringCategory":null,"AutoScoringCategory":null}},{"SurveyID":"SV_5c1LW279lTOw83r","Element":"PROJ","PrimaryAttribute":"CORE","SecondaryAttribute":null,"TertiaryAttribute":"1.1.0","Payload":{"ProjectCategory":"CORE","SchemaVersion":"1.1.0"}},{"SurveyID":"SV_5c1LW279lTOw83r","Element":"STAT","PrimaryAttribute":"Survey Statistics","SecondaryAttribute":null,"TertiaryAttribute":null,"Payload":{"MobileCompatible":true,"ID":"Survey Statistics"}},{"SurveyID":"SV_5c1LW279lTOw83r","Element":"QC","PrimaryAttribute":"Survey Question Count","SecondaryAttribute":"6","TertiaryAttribute":null,"Payload":null},{"SurveyID":"SV_5c1LW279lTOw83r","Element":"SQ","PrimaryAttribute":"QID2","SecondaryAttribute":"Carnegie Mellon University Online Consent for Participation in Research \u00a0 Title: Feedback on Onli..","TertiaryAttribute":null,"Payload":{"QuestionText":"<p><span style=\"font-family:Arial,Helvetica,sans-serif;\"><span id=\"docs-internal-guid-5c299110-3cb5-de50-cbdd-cf8b7800d490\"><span style=\"font-size: 14pt; color: rgb(148, 54, 52); background-color: transparent; font-weight: 700; font-variant-numeric: normal; font-variant-east-asian: normal; vertical-align: baseline; white-space: pre-wrap;\">Carnegie Mellon University<\/span><\/span><\/span><\/p>\n\n<div><span style=\"font-family:Arial,Helvetica,sans-serif;\"><span style=\"background-color: transparent; color: rgb(0, 0, 0); font-size: 14pt; font-weight: 700; white-space: pre-wrap; text-align: center;\">Online Consent for Participation in Research<\/span><\/span><\/div>\n\n<p>&nbsp;<\/p>\n\n<p><span style=\"font-family:Arial,Helvetica,sans-serif;\"><span style=\"font-size: 11pt; color: rgb(0, 0, 0); background-color: transparent; font-weight: 700; font-style: normal; font-variant: normal; text-decoration: none; vertical-align: baseline; white-space: pre-wrap;\">Title: Feedback on Online Healthcare Information Tools<\/span><\/span><\/p>\n\n<p><span style=\"font-family:Arial,Helvetica,sans-serif;\"><span style=\"font-size: 11pt; color: rgb(0, 0, 0); background-color: transparent; font-weight: 700; font-style: normal; font-variant: normal; text-decoration: none; vertical-align: baseline; white-space: pre-wrap;\">Study Investigators:<\/span><span style=\"font-size: 11pt; color: rgb(0, 0, 0); background-color: transparent; font-weight: 400; font-style: normal; font-variant: normal; text-decoration: none; vertical-align: baseline; white-space: pre-wrap;\"> Dr. Lorrie Faith Cranor (Faculty Advisor) and Sarah Pearman (Principal Investigator)<\/span><br>\n<span style=\"font-size: 11pt; color: rgb(0, 0, 0); background-color: transparent; font-weight: 700; font-variant-numeric: normal; font-variant-east-asian: normal; vertical-align: baseline; white-space: pre-wrap;\">Sponsor: <\/span><span style=\"font-size: 11pt; color: rgb(0, 0, 0); background-color: transparent; font-variant-numeric: normal; font-variant-east-asian: normal; vertical-align: baseline; white-space: pre-wrap;\">Highmark Health<\/span><\/span><br>\n&nbsp;<\/p>\n\n<p><span style=\"font-family:Arial,Helvetica,sans-serif;\"><span style=\"font-size: 11pt; color: rgb(0, 0, 0); background-color: transparent; font-weight: 700; font-style: normal; font-variant: normal; text-decoration: none; vertical-align: baseline; white-space: pre-wrap;\">Description<\/span><\/span><\/p>\n\n<p><span style=\"font-family:Arial,Helvetica,sans-serif;\"><span style=\"font-size: 11pt; color: rgb(0, 0, 0); background-color: transparent; font-weight: 400; font-style: normal; font-variant: normal; text-decoration: none; vertical-align: baseline; white-space: pre-wrap;\">The study involves a 30- to 45-minute interview with Carnegie Mellon University Institute for Software Research researchers. The interview will be conducted remotely over a Zoom video conference. In this interview, we will ask you questions about your computer and internet use, and we will also show you images of designs for a website and online tools and ask you questions about those images.<\/span><\/span><\/p>\n\n<p><span style=\"font-family:Arial,Helvetica,sans-serif;\"><span style=\"font-size: 11pt; color: rgb(0, 0, 0); background-color: transparent; font-weight: 400; font-style: normal; font-variant: normal; text-decoration: none; vertical-align: baseline; white-space: pre-wrap;\">We will record audio and video from the interview. It will be optional to turn on your camera during the interview, so you do not have to have your face recorded on video, but we will need to record audio of our conversation, as well as video of screen-sharing interactions. The audio from the interview will be transcribed using a combination of an automated transcription service and manual transcription by study team members.<\/span><\/span><\/p>\n\n<p><br>\n<span style=\"font-family:Arial,Helvetica,sans-serif;\"><span style=\"font-size: 11pt; color: rgb(0, 0, 0); background-color: transparent; font-weight: 700; font-style: normal; font-variant: normal; text-decoration: none; vertical-align: baseline; white-space: pre-wrap;\">Participant Requirements<\/span><\/span><\/p>\n\n<p><span style=\"font-family:Arial,Helvetica,sans-serif;\"><span style=\"font-size: 11pt; color: rgb(0, 0, 0); background-color: transparent; font-weight: 400; font-style: normal; font-variant: normal; text-decoration: none; vertical-align: baseline; white-space: pre-wrap;\">Participants must meet the following requirements to participate in this interview study:<\/span><\/span><\/p>\n\n<ul>\n\t<li><span style=\"font-family:Arial,Helvetica,sans-serif;\"><span style=\"font-size: 11pt; color: rgb(0, 0, 0); background-color: transparent; font-weight: 400; font-style: normal; font-variant: normal; text-decoration: none; vertical-align: baseline; white-space: pre-wrap;\">18 years of age or older<\/span><\/span><\/li>\n\t<li><span style=\"font-family:Arial,Helvetica,sans-serif;\"><span style=\"font-size: 11pt; color: rgb(0, 0, 0); background-color: transparent; font-weight: 400; font-style: normal; font-variant: normal; text-decoration: none; vertical-align: baseline; white-space: pre-wrap;\">Located in the U.S. at the time of the interview<\/span><\/span><\/li>\n\t<li><span style=\"font-family:Arial,Helvetica,sans-serif;\"><span style=\"font-size: 11pt; color: rgb(0, 0, 0); background-color: transparent; font-weight: 400; font-style: normal; font-variant: normal; text-decoration: none; vertical-align: baseline; white-space: pre-wrap;\">Fluent in English<\/span><\/span><\/li>\n\t<li><span style=\"font-family:Arial,Helvetica,sans-serif;\"><span style=\"font-size: 11pt; color: rgb(0, 0, 0); background-color: transparent; font-weight: 400; font-style: normal; font-variant: normal; text-decoration: none; vertical-align: baseline; white-space: pre-wrap;\">Have a desktop or laptop computer and a high-speed internet connection to use for the interview, and be able to install and run Zoom on that computer<\/span><\/span><\/li>\n\t<li><span style=\"font-family:Arial,Helvetica,sans-serif;\"><span style=\"font-size: 11pt; color: rgb(0, 0, 0); background-color: transparent; font-weight: 400; font-style: normal; font-variant: normal; text-decoration: none; vertical-align: baseline; white-space: pre-wrap;\">Have sufficient vision to view images and read text on your computer screen<\/span><\/span><\/li>\n<\/ul>\n\n<p><br>\n<span style=\"font-family:Arial,Helvetica,sans-serif;\"><span style=\"font-size: 11pt; color: rgb(0, 0, 0); background-color: transparent; font-weight: 700; font-style: normal; font-variant: normal; text-decoration: none; vertical-align: baseline; white-space: pre-wrap;\">Compensation<\/span><\/span><\/p>\n\n<p><span style=\"font-family:Arial,Helvetica,sans-serif;\"><span style=\"font-size: 11pt; color: rgb(0, 0, 0); background-color: transparent; font-weight: 400; font-style: normal; font-variant: normal; text-decoration: none; vertical-align: baseline; white-space: pre-wrap;\">You will receive a $15 Amazon gift code for your participation.<\/span><\/span><\/p>\n\n<p><br>\n<span style=\"font-family:Arial,Helvetica,sans-serif;\"><span style=\"font-size: 11pt; color: rgb(0, 0, 0); background-color: transparent; font-weight: 700; font-style: normal; font-variant: normal; text-decoration: none; vertical-align: baseline; white-space: pre-wrap;\">Costs<\/span><\/span><\/p>\n\n<p><span style=\"font-family:Arial,Helvetica,sans-serif;\"><span style=\"font-size: 11pt; color: rgb(0, 0, 0); background-color: transparent; font-weight: 400; font-style: normal; font-variant: normal; text-decoration: none; vertical-align: baseline; white-space: pre-wrap;\">There is no cost to participate in this study.<\/span><\/span><\/p>\n\n<p><br>\n<span style=\"font-family:Arial,Helvetica,sans-serif;\"><span style=\"font-size: 11pt; color: rgb(0, 0, 0); background-color: transparent; font-weight: 700; font-style: normal; font-variant: normal; text-decoration: none; vertical-align: baseline; white-space: pre-wrap;\">Risks and Benefits<\/span><\/span><\/p>\n\n<p><span style=\"font-family:Arial,Helvetica,sans-serif;\"><span style=\"font-size: 11pt; color: rgb(0, 0, 0); background-color: transparent; font-weight: 400; font-style: normal; font-variant: normal; text-decoration: none; vertical-align: baseline; white-space: pre-wrap;\">There are no specific benefits to participants.<\/span><\/span><\/p>\n\n<p><span style=\"font-family:Arial,Helvetica,sans-serif;\"><span style=\"font-size: 11pt; color: rgb(0, 0, 0); background-color: transparent; font-weight: 400; font-style: normal; font-variant: normal; text-decoration: none; vertical-align: baseline; white-space: pre-wrap;\">The primary risk of this study is a breach of confidentiality. An example of a breach of confidentiality would be someone who is not on our research team getting unauthorized access to names, email addresses, or recordings of participants in the study. This risk is similar to the risk you encounter anytime you provide identifiable and private information to websites or companies on the internet.<\/span><\/span><\/p>\n\n<p><span style=\"font-family:Arial,Helvetica,sans-serif;\"><span style=\"font-size: 11pt; color: rgb(0, 0, 0); background-color: transparent; font-weight: 400; font-style: normal; font-variant: normal; text-decoration: none; vertical-align: baseline; white-space: pre-wrap;\">Our team takes confidentiality very seriously and will take precautions to prevent a breach of confidentiality, including storing data in secure, password-protected locations accessible only to the study team members.<\/span><\/span><\/p>\n\n<p><span style=\"font-family:Arial,Helvetica,sans-serif;\"><span style=\"font-size: 11pt; color: rgb(0, 0, 0); background-color: transparent; font-weight: 400; font-style: normal; font-variant: normal; text-decoration: none; vertical-align: baseline; white-space: pre-wrap;\">We will ask you to avoid saying anything during the interview that is both identifiable and private. This would include identifiable and private information about yourself or about other people. We also request that you participate in a quiet, private environment so that third parties are not accidentally recorded.<\/span><\/span><\/p>\n\n<p><br>\n<span style=\"font-family:Arial,Helvetica,sans-serif;\"><span style=\"font-size: 11pt; color: rgb(0, 0, 0); background-color: transparent; font-weight: 700; font-style: normal; font-variant: normal; text-decoration: none; vertical-align: baseline; white-space: pre-wrap;\">Confidentiality<\/span><\/span><\/p>\n\n<p><span style=\"font-family:Arial,Helvetica,sans-serif;\"><span style=\"font-size: 11pt; color: rgb(0, 0, 0); background-color: transparent; font-weight: 400; font-style: normal; font-variant: normal; text-decoration: none; vertical-align: baseline; white-space: pre-wrap;\">The recordings, transcripts, and any other data we collect from the interview will be stored using a unique identifier that does not reference your name, email address, or other personal information.<\/span><\/span><\/p>\n\n<p><span style=\"font-family:Arial,Helvetica,sans-serif;\"><span style=\"font-size: 11pt; color: rgb(0, 0, 0); background-color: transparent; font-weight: 400; font-style: normal; font-variant: normal; text-decoration: none; vertical-align: baseline; white-space: pre-wrap;\">We will not share the audio or video recording files with anyone outside of the research team.&nbsp;<\/span><\/span><\/p>\n\n<p><span style=\"font-family:Arial,Helvetica,sans-serif;\"><span style=\"font-size: 11pt; color: rgb(0, 0, 0); background-color: transparent; font-weight: 400; font-style: normal; font-variant: normal; text-decoration: none; vertical-align: baseline; white-space: pre-wrap;\">We may share anonymized data, including the transcripts or quotations from the transcripts, with people outside of the research team. This may include sharing de-identified data and findings with the sponsor of the study, Highmark Health, as well as publishing our findings in academic publications.<\/span><\/span><\/p>\n\n<p><br>\n<span style=\"font-family:Arial,Helvetica,sans-serif;\"><span style=\"font-size: 11pt; color: rgb(0, 0, 0); background-color: transparent; font-weight: 700; font-style: normal; font-variant: normal; text-decoration: none; vertical-align: baseline; white-space: pre-wrap;\">Right to Withdraw<\/span><\/span><\/p>\n\n<p><span style=\"font-family:Arial,Helvetica,sans-serif;\"><span style=\"font-size: 11pt; color: rgb(0, 0, 0); background-color: transparent; font-weight: 400; font-style: normal; font-variant: normal; text-decoration: none; vertical-align: baseline; white-space: pre-wrap;\">Your participation in this research is voluntary.&nbsp; You may stop the interview at any time.&nbsp; You may print a copy of this consent information for your records.<\/span><\/span><\/p>\n\n<p><br>\n<span style=\"font-family:Arial,Helvetica,sans-serif;\"><span style=\"font-size: 11pt; color: rgb(0, 0, 0); background-color: transparent; font-weight: 700; font-style: normal; font-variant: normal; text-decoration: none; vertical-align: baseline; white-space: pre-wrap;\">Contact Information<\/span><\/span><\/p>\n\n<p><span style=\"font-family:Arial,Helvetica,sans-serif;\"><span style=\"font-size: 11pt; color: rgb(0, 0, 0); background-color: transparent; font-weight: 400; font-style: normal; font-variant: normal; text-decoration: none; vertical-align: baseline; white-space: pre-wrap;\">If you have questions before or after participating in this study, please contact the Principal Investigator, Sarah Pearman (PhD student, Institute for Software Research) by emailing <a href=\"mailto:spearman@cmu.edu?subject=Healthcare%20tool%20user%20study\">spearman@cmu.edu<\/a>. <\/span><span style=\"font-size: 11pt; color: rgb(0, 0, 0); background-color: transparent; font-weight: 400; font-style: normal; font-variant: normal; text-decoration: none; vertical-align: baseline; white-space: pre-wrap;\">You may also contact the Faculty Advisor for this study, Dr. Lorrie Cranor, at <a href=\"mailto:lorrie@cmu.edu?subject=Healthcare%20tool%20user%20study\">lorrie@cmu.edu<\/a>.<\/span><\/span><\/p>\n\n<p><span style=\"font-family:Arial,Helvetica,sans-serif;\"><span style=\"font-size: 11pt; color: rgb(0, 0, 0); background-color: transparent; font-weight: 400; font-style: normal; font-variant: normal; text-decoration: none; vertical-align: baseline; white-space: pre-wrap;\">If you have questions pertaining to your rights as a research participant or wish to report concerns about this study, you should contact the Office of Research Integrity and Compliance at Carnegie Mellon University.&nbsp; Email: <a href=\"mailto:irb-review@andrew.cmu.edu?subject=Participant%20question%20regarding%20STUDY2020_00000284\">irb-review@andrew.cmu.edu<\/a>. Phone: 412-268-1901 or 412-268-5460.<\/span><\/span><\/p>","DefaultChoices":false,"QuestionType":"DB","Selector":"TB","DataVisibility":{"Private":false,"Hidden":false},"Configuration":{"QuestionDescriptionOption":"UseText"},"QuestionDescription":"Carnegie Mellon University Online Consent for Participation in Research \u00a0 Title: Feedback on Onli...","ChoiceOrder":[],"Validation":{"Settings":{"Type":"None"}},"GradingData":[],"Language":[],"NextChoiceId":1,"NextAnswerId":1,"QuestionText_Unsafe":"<p><span id=\"docs-internal-guid-5c299110-3cb5-de50-cbdd-cf8b7800d490\"><span style=\"font-family: &quot;Times New Roman&quot;; font-size: 14pt; color: rgb(148, 54, 52); background-color: transparent; font-weight: 700; font-variant-numeric: normal; font-variant-east-asian: normal; vertical-align: baseline; white-space: pre-wrap;\">Carnegie Mellon University<\/span><\/span><\/p><div><span style=\"font-family: Calibri; background-color: transparent; color: rgb(0, 0, 0); font-size: 14pt; font-weight: 700; white-space: pre-wrap; text-align: center;\">Online Consent for Participation in Research<\/span><\/div><p>&nbsp;<\/p><p><span id=\"docs-internal-guid-5c299110-3cb4-7879-d063-f4ae1a6f695a\"><span style=\"font-family: Calibri; font-size: 12pt; color: rgb(0, 0, 0); background-color: transparent; font-variant-numeric: normal; font-variant-east-asian: normal; vertical-align: baseline; white-space: pre-wrap;\">This survey<\/span><span style=\"font-family: Calibri; font-size: 12pt; color: rgb(0, 112, 192); background-color: transparent; font-variant-numeric: normal; font-variant-east-asian: normal; vertical-align: baseline; white-space: pre-wrap;\"> <\/span><span style=\"font-family: Calibri; font-size: 12pt; color: rgb(0, 0, 0); background-color: transparent; font-variant-numeric: normal; font-variant-east-asian: normal; vertical-align: baseline; white-space: pre-wrap;\">is part of a research study conducted by Prof. Lorrie Cranor and PhD researcher Sarah Pearman <\/span><span style=\"font-family: Calibri; font-size: 12pt; color: rgb(0, 0, 0); background-color: transparent; font-variant-numeric: normal; font-variant-east-asian: normal; vertical-align: baseline; white-space: pre-wrap;\">at Carnegie Mellon University and is funded by a gift from Facebook, Inc.<\/span><\/span><\/p><p>&nbsp;<\/p><p><span id=\"docs-internal-guid-5c299110-3cb4-7879-d063-f4ae1a6f695a\"><span style=\"font-family: Calibri; font-size: 12pt; color: rgb(0, 0, 0); background-color: transparent; font-weight: 700; font-variant-numeric: normal; font-variant-east-asian: normal; vertical-align: baseline; white-space: pre-wrap;\">Purpose<\/span><span style=\"font-family: Calibri; font-size: 12pt; color: rgb(0, 0, 0); background-color: transparent; font-variant-numeric: normal; font-variant-east-asian: normal; vertical-align: baseline; white-space: pre-wrap;\"> The purpose of this research is to understand people's knowledge of, experience with, and attitudes towards aspects of Facebook's website and mobile apps, including advertising on Facebook and Facebook's user settings, as well as people's experiences with online advertising.<\/span><\/span><\/p><p>&nbsp;<\/p><p><span id=\"docs-internal-guid-5c299110-3cb4-7879-d063-f4ae1a6f695a\"><span style=\"font-family: Calibri; font-size: 12pt; color: rgb(0, 0, 0); background-color: transparent; font-weight: 700; font-variant-numeric: normal; font-variant-east-asian: normal; vertical-align: baseline; white-space: pre-wrap;\">Procedures<\/span><span style=\"font-family: Calibri; font-size: 12pt; color: rgb(0, 0, 0); background-color: transparent; font-variant-numeric: normal; font-variant-east-asian: normal; vertical-align: baseline; white-space: pre-wrap;\"> &nbsp;<\/span><\/span><\/p><p><span id=\"docs-internal-guid-5c299110-3cb4-7879-d063-f4ae1a6f695a\"><span style=\"font-family: Calibri; font-size: 12pt; color: rgb(0, 0, 0); background-color: transparent; font-variant-numeric: normal; font-variant-east-asian: normal; vertical-align: baseline; white-space: pre-wrap;\">The survey should take approximately 5 minutes to complete.<\/span><\/span><\/p><p>&nbsp;<\/p><p><span id=\"docs-internal-guid-5c299110-3cb4-7879-d063-f4ae1a6f695a\"><span style=\"font-family: Calibri; font-size: 12pt; color: rgb(0, 0, 0); background-color: transparent; font-weight: 700; font-variant-numeric: normal; font-variant-east-asian: normal; vertical-align: baseline; white-space: pre-wrap;\">Participant Requirements<\/span><span style=\"font-family: Calibri; font-size: 12pt; color: rgb(0, 0, 0); background-color: transparent; font-variant-numeric: normal; font-variant-east-asian: normal; vertical-align: baseline; white-space: pre-wrap;\"> &nbsp;<\/span><\/span><\/p><p><span id=\"docs-internal-guid-5c299110-3cb4-7879-d063-f4ae1a6f695a\"><span style=\"font-family: Calibri; font-size: 12pt; color: rgb(0, 0, 0); background-color: transparent; font-variant-numeric: normal; font-variant-east-asian: normal; vertical-align: baseline; white-space: pre-wrap;\">Participation in this study is limited to individuals age 18 and older. Participants must reside in the United States, and speak English. Participants must be active users of Facebook's website and\/or the Facebook mobile application.<\/span><\/span><\/p><p>&nbsp;<\/p><p><span id=\"docs-internal-guid-5c299110-3cb4-7879-d063-f4ae1a6f695a\"><span style=\"font-family: Calibri; font-size: 12pt; color: rgb(0, 0, 0); background-color: transparent; font-weight: 700; font-variant-numeric: normal; font-variant-east-asian: normal; vertical-align: baseline; white-space: pre-wrap;\">Risks<\/span><\/span><\/p><p><span id=\"docs-internal-guid-5c299110-3cb4-7879-d063-f4ae1a6f695a\"><span style=\"font-family: Calibri; font-size: 12pt; color: rgb(0, 0, 0); background-color: transparent; font-variant-numeric: normal; font-variant-east-asian: normal; vertical-align: baseline; white-space: pre-wrap;\">The risks and discomfort associated with participation in this study are no greater than those ordinarily encountered in daily life or during other online activities. <\/span><\/span><\/p><p>&nbsp;<\/p><p><span id=\"docs-internal-guid-5c299110-3cb4-7879-d063-f4ae1a6f695a\"><span style=\"font-family: Calibri; font-size: 12pt; color: rgb(0, 0, 0); background-color: transparent; font-weight: 700; font-variant-numeric: normal; font-variant-east-asian: normal; vertical-align: baseline; white-space: pre-wrap;\">Benefits<\/span><\/span><\/p><p><span id=\"docs-internal-guid-5c299110-3cb4-7879-d063-f4ae1a6f695a\"><span style=\"font-family: Calibri; font-size: 12pt; color: rgb(0, 0, 0); background-color: transparent; font-variant-numeric: normal; font-variant-east-asian: normal; vertical-align: baseline; white-space: pre-wrap;\">There may be no personal benefit from your participation in the study, but the knowledge received may be of value to humanity<\/span><span style=\"font-family: Calibri; font-size: 12pt; color: rgb(0, 112, 192); background-color: transparent; font-variant-numeric: normal; font-variant-east-asian: normal; vertical-align: baseline; white-space: pre-wrap;\">.<\/span><\/span><\/p><p>&nbsp;<\/p><p><span id=\"docs-internal-guid-5c299110-3cb4-7879-d063-f4ae1a6f695a\"><span style=\"font-family: Calibri; font-size: 12pt; color: rgb(0, 0, 0); background-color: transparent; font-weight: 700; font-variant-numeric: normal; font-variant-east-asian: normal; vertical-align: baseline; white-space: pre-wrap;\">Compensation &amp; Costs<\/span><\/span><\/p><p><span id=\"docs-internal-guid-5c299110-3cb4-7879-d063-f4ae1a6f695a\"><span style=\"font-family: Calibri; font-size: 12pt; color: rgb(0, 0, 0); background-color: transparent; font-variant-numeric: normal; font-variant-east-asian: normal; vertical-align: baseline; white-space: pre-wrap;\">Participants will receive $2.00<\/span><span style=\"font-family: Calibri; font-size: 12pt; color: rgb(0, 0, 0); background-color: transparent; font-variant-numeric: normal; font-variant-east-asian: normal; vertical-align: baseline; white-space: pre-wrap;\"> as compensation for participation in this online study. There will be no cost to you if you participate in this study. <\/span><\/span><\/p><p>&nbsp;<\/p><p><span style=\"color: rgb(0, 0, 0);\"><span id=\"docs-internal-guid-5c299110-3cb4-7879-d063-f4ae1a6f695a\"><span style=\"font-family: Calibri; font-size: 12pt; background-color: transparent; font-weight: 700; font-variant-numeric: normal; font-variant-east-asian: normal; vertical-align: baseline; white-space: pre-wrap;\">Future Use of Information and\/or Bio-Specimens<\/span><\/span><\/span><\/p><p><span style=\"color: rgb(0, 0, 0);\"><span id=\"docs-internal-guid-5c299110-3cb4-7879-d063-f4ae1a6f695a\"><span style=\"font-family: Calibri; font-size: 12pt; background-color: transparent; font-variant-numeric: normal; font-variant-east-asian: normal; vertical-align: baseline; white-space: pre-wrap;\">This study does not collect any personally identifiable information about you. In the future, we may use the data for our future research studies, or we may distribute the data to other researchers for their research studies. We would do this without getting additional informed consent from you (or your legally authorized representative). Sharing of data with other researchers will only be done in such a manner that you will not be identified.<\/span><\/span><\/span><\/p><p><span style=\"color: rgb(0, 0, 0);\">&nbsp;<\/span><\/p><p><span style=\"color: rgb(0, 0, 0);\"><span id=\"docs-internal-guid-5c299110-3cb4-7879-d063-f4ae1a6f695a\"><span style=\"font-family: Calibri; font-size: 12pt; background-color: transparent; font-weight: 700; font-variant-numeric: normal; font-variant-east-asian: normal; vertical-align: baseline; white-space: pre-wrap;\">Confidentiality<\/span><\/span><\/span><\/p><p><span style=\"color: rgb(0, 0, 0);\"><span id=\"docs-internal-guid-5c299110-3cb4-7879-d063-f4ae1a6f695a\"><span style=\"font-family: Calibri; font-size: 12pt; background-color: transparent; font-variant-numeric: normal; font-variant-east-asian: normal; vertical-align: baseline; white-space: pre-wrap;\">The data captured for the research does not include any personally identifiable information about you. Your IP address will not be captured.<\/span><\/span><\/span><\/p><p>&nbsp;<\/p><p><span id=\"docs-internal-guid-5c299110-3cb4-7879-d063-f4ae1a6f695a\"><span style=\"font-family: Calibri; font-size: 12pt; color: rgb(0, 0, 0); background-color: transparent; font-weight: 700; font-variant-numeric: normal; font-variant-east-asian: normal; vertical-align: baseline; white-space: pre-wrap;\">Right to Ask Questions &amp; Contact Information<\/span><\/span><\/p><p><span style=\"color: rgb(0, 0, 0);\"><span id=\"docs-internal-guid-5c299110-3cb4-7879-d063-f4ae1a6f695a\"><span style=\"font-family: Calibri; font-size: 12pt; background-color: transparent; font-variant-numeric: normal; font-variant-east-asian: normal; vertical-align: baseline; white-space: pre-wrap;\">If you have any questions about this study, desire additional information, or wish to withdraw your participation after beginning the survey, <\/span><\/span><\/span><span style=\"font-family: Calibri; color: rgb(0, 0, 0); font-size: 16px; white-space: pre-wrap;\">please contact the Principal Investigator, Sarah Pearman, at spearman@cmu.edu.<\/span><\/p><p><span style=\"font-family: Calibri; color: rgb(0, 0, 0); font-size: 16px; white-space: pre-wrap;\"><br><\/span><\/p><p><span id=\"docs-internal-guid-5c299110-3cb4-7879-d063-f4ae1a6f695a\"><span style=\"font-family: Calibri; font-size: 12pt; color: rgb(0, 0, 0); background-color: transparent; font-variant-numeric: normal; font-variant-east-asian: normal; vertical-align: baseline; white-space: pre-wrap;\">If you have questions pertaining to your rights as a research participant; or to report concerns to this study, you should contact the Office of Research integrity and Compliance at Carnegie Mellon University. &nbsp;Email: <\/span><span style=\"font-family: Calibri; font-size: 12pt; color: rgb(0, 0, 255); background-color: transparent; font-variant-numeric: normal; font-variant-east-asian: normal; text-decoration-line: underline; text-decoration-skip-ink: none; vertical-align: baseline; white-space: pre-wrap;\">irb-review@andrew.cmu.edu<\/span><span style=\"font-family: Calibri; font-size: 12pt; color: rgb(0, 0, 0); background-color: transparent; font-variant-numeric: normal; font-variant-east-asian: normal; vertical-align: baseline; white-space: pre-wrap;\"> . Phone: 412-268-1901 or 412-268-5460.<\/span><\/span><\/p><p>&nbsp;<\/p><p><span id=\"docs-internal-guid-5c299110-3cb4-7879-d063-f4ae1a6f695a\"><span style=\"font-family: Calibri; font-size: 12pt; color: rgb(0, 0, 0); background-color: transparent; font-weight: 700; font-variant-numeric: normal; font-variant-east-asian: normal; vertical-align: baseline; white-space: pre-wrap;\">Voluntary Participation<\/span><\/span><\/p><p><span id=\"docs-internal-guid-5c299110-3cb4-7879-d063-f4ae1a6f695a\"><span style=\"font-family: Calibri; font-size: 12pt; color: rgb(0, 0, 0); background-color: transparent; font-variant-numeric: normal; font-variant-east-asian: normal; vertical-align: baseline; white-space: pre-wrap;\">Your participation in this research is voluntary. &nbsp;You may discontinue participation at any time during the research activity. &nbsp;You may print a copy of this consent form for your records. <\/span><\/span><\/p>","DataExportTag":"Q2","QuestionID":"QID2"}},{"SurveyID":"SV_5c1LW279lTOw83r","Element":"SQ","PrimaryAttribute":"QID1","SecondaryAttribute":"Click to write the question text","TertiaryAttribute":null,"Payload":{"QuestionText":"Click to write the question text","DataExportTag":"Q1","QuestionType":"MC","Selector":"SAVR","SubSelector":"TX","Configuration":{"QuestionDescriptionOption":"UseText"},"QuestionDescription":"Click to write the question text","Choices":{"1":{"Display":"Click to write Choice 1"},"2":{"Display":"Click to write Choice 2"},"3":{"Display":"Click to write Choice 3"}},"ChoiceOrder":["1","2","3"],"Validation":{"Settings":{"ForceResponse":"OFF","ForceResponseType":"ON","Type":"None"}},"Language":[],"NextChoiceId":4,"NextAnswerId":1,"QuestionID":"QID1"}},{"SurveyID":"SV_5c1LW279lTOw83r","Element":"RS","PrimaryAttribute":"RS_1YXt0jvESsxMXXL","SecondaryAttribute":"Default Response Set","TertiaryAttribute":null,"Payload":null},{"SurveyID":"SV_5c1LW279lTOw83r","Element":"SQ","PrimaryAttribute":"QID3","SecondaryAttribute":"I am age 18 or older.","TertiaryAttribute":null,"Payload":{"QuestionText":"I am age 18 or older.","QuestionType":"MC","Selector":"SAVR","SubSelector":"TX","DataVisibility":{"Private":false,"Hidden":false},"Configuration":{"QuestionDescriptionOption":"UseText"},"QuestionDescription":"I am age 18 or older.","Choices":{"1":{"Display":"Yes"},"2":{"Display":"No"}},"ChoiceOrder":["1","2"],"Validation":{"Settings":{"ForceResponse":"ON","ForceResponseType":"ON","Type":"None"}},"Language":[],"NextChoiceId":3,"NextAnswerId":1,"QuestionText_Unsafe":"I am age 18 or older.","DataExportTag":"Q3","QuestionID":"QID3"}},{"SurveyID":"SV_5c1LW279lTOw83r","Element":"SQ","PrimaryAttribute":"QID4","SecondaryAttribute":"I have read and understand the information above.","TertiaryAttribute":null,"Payload":{"QuestionText":"I have read and understand the information above.","QuestionType":"MC","Selector":"SAVR","SubSelector":"TX","DataVisibility":{"Private":false,"Hidden":false},"Configuration":{"QuestionDescriptionOption":"UseText"},"QuestionDescription":"I have read and understand the information above.","Choices":{"1":{"Display":"Yes"},"2":{"Display":"No"}},"ChoiceOrder":["1","2"],"Validation":{"Settings":{"ForceResponse":"ON","ForceResponseType":"ON","Type":"None"}},"Language":[],"NextChoiceId":3,"NextAnswerId":1,"QuestionText_Unsafe":"I have read and understand the information above.","DataExportTag":"Q4","QuestionID":"QID4"}},{"SurveyID":"SV_5c1LW279lTOw83r","Element":"SQ","PrimaryAttribute":"QID6","SecondaryAttribute":"I meet the other participant requirements listed above.","TertiaryAttribute":null,"Payload":{"QuestionText":"I meet the other participant requirements listed above.","DataExportTag":"Q6","QuestionType":"MC","Selector":"SAVR","SubSelector":"TX","DataVisibility":{"Private":false,"Hidden":false},"Configuration":{"QuestionDescriptionOption":"UseText"},"QuestionDescription":"I meet the other participant requirements listed above.","Choices":{"1":{"Display":"Yes"},"2":{"Display":"No"}},"ChoiceOrder":[1,2],"Validation":{"Settings":{"ForceResponse":"ON","ForceResponseType":"ON","Type":"None"}},"Language":[],"NextChoiceId":3,"NextAnswerId":1,"QuestionID":"QID6"}},{"SurveyID":"SV_5c1LW279lTOw83r","Element":"SQ","PrimaryAttribute":"QID5","SecondaryAttribute":"I want to participate in this research and continue with the study.","TertiaryAttribute":null,"Payload":{"QuestionText":"I want to participate in this research and continue with the study.","QuestionType":"MC","Selector":"SAVR","SubSelector":"TX","DataVisibility":{"Private":false,"Hidden":false},"Configuration":{"QuestionDescriptionOption":"UseText"},"QuestionDescription":"I want to participate in this research and continue with the study.","Choices":{"1":{"Display":"Yes"},"2":{"Display":"No"}},"ChoiceOrder":["1","2"],"Validation":{"Settings":{"ForceResponse":"ON","ForceResponseType":"ON","Type":"None"}},"Language":[],"NextChoiceId":3,"NextAnswerId":1,"QuestionText_Unsafe":"I want to participate in this research and continue with the survey.","DataExportTag":"Q5","QuestionID":"QID5"}}]}