{"SurveyEntry":{"SurveyID":"SV_3wVw0sBKaajfjUh","SurveyName":"Healthcare tool study screening & demographic survey","SurveyDescription":null,"SurveyOwnerID":"UR_0ln9s2gTdNmFtCB","SurveyBrandID":"cmu","DivisionID":null,"SurveyLanguage":"EN","SurveyActiveResponseSet":"RS_9Xjv2HegI13mgu1","SurveyStatus":"Inactive","SurveyStartDate":"0000-00-00 00:00:00","SurveyExpirationDate":"0000-00-00 00:00:00","SurveyCreationDate":"2020-07-01 14:26:05","CreatorID":"UR_0ln9s2gTdNmFtCB","LastModified":"2022-06-19 12:21:09","LastAccessed":"0000-00-00 00:00:00","LastActivated":"2020-08-03 14:20:17","Deleted":null},"SurveyElements":[{"SurveyID":"SV_3wVw0sBKaajfjUh","Element":"BL","PrimaryAttribute":"Survey Blocks","SecondaryAttribute":null,"TertiaryAttribute":null,"Payload":{"0":{"Type":"Default","Description":"Default Question Block","ID":"BL_dnZ1HXmuZBHC9et","BlockElements":[{"Type":"Question","QuestionID":"QID16"},{"Type":"Page Break"}]},"1":{"Type":"Trash","Description":"Trash \/ Unused Questions","ID":"BL_e9aJzPOu6hBAowl","BlockElements":[{"Type":"Question","QuestionID":"QID18"},{"Type":"Question","QuestionID":"QID19"},{"Type":"Question","QuestionID":"QID20"},{"Type":"Question","QuestionID":"QID21"},{"Type":"Question","QuestionID":"QID8"},{"Type":"Question","QuestionID":"QID15"},{"Type":"Question","QuestionID":"QID1"},{"Type":"Question","QuestionID":"QID14"},{"Type":"Question","QuestionID":"QID17"},{"Type":"Question","QuestionID":"QID22"},{"Type":"Question","QuestionID":"QID23"},{"Type":"Question","QuestionID":"QID2"},{"Type":"Question","QuestionID":"QID3"},{"Type":"Question","QuestionID":"QID4"},{"Type":"Question","QuestionID":"QID5"},{"Type":"Question","QuestionID":"QID6"},{"Type":"Question","QuestionID":"QID7"},{"Type":"Question","QuestionID":"QID9"},{"Type":"Question","QuestionID":"QID10"},{"Type":"Question","QuestionID":"QID11"},{"Type":"Question","QuestionID":"QID12"}]},"2":{"Type":"Standard","SubType":"","Description":"Remote Study Eligibility","ID":"BL_0SW8i6tWDOkpS8B","BlockElements":[{"Type":"Question","QuestionID":"QID39"},{"Type":"Question","QuestionID":"QID38"},{"Type":"Question","QuestionID":"QID25"},{"Type":"Question","QuestionID":"QID26"},{"Type":"Question","QuestionID":"QID28"},{"Type":"Question","QuestionID":"QID24"},{"Type":"Question","QuestionID":"QID13"}]},"4":{"Type":"Standard","SubType":"","Description":"Email","ID":"BL_8H69Al3DZOikG5n","BlockElements":[{"Type":"Question","QuestionID":"QID27"}],"Options":{"BlockLocking":"false","RandomizeQuestions":"false","BlockVisibility":"Expanded"}},"6":{"Type":"Standard","SubType":"","Description":"Highmark Demographics","ID":"BL_41MGES7kKcckruB","BlockElements":[{"Type":"Question","QuestionID":"QID37"},{"Type":"Question","QuestionID":"QID29"},{"Type":"Question","QuestionID":"QID30"},{"Type":"Question","QuestionID":"QID31"},{"Type":"Question","QuestionID":"QID32"},{"Type":"Question","QuestionID":"QID33"},{"Type":"Question","QuestionID":"QID34"},{"Type":"Question","QuestionID":"QID35"},{"Type":"Question","QuestionID":"QID36"}]}}},{"SurveyID":"SV_3wVw0sBKaajfjUh","Element":"FL","PrimaryAttribute":"Survey Flow","SecondaryAttribute":null,"TertiaryAttribute":null,"Payload":{"Type":"Root","FlowID":"FL_1","Flow":[{"Type":"Block","ID":"BL_dnZ1HXmuZBHC9et","FlowID":"FL_2"},{"Type":"Standard","ID":"BL_0SW8i6tWDOkpS8B","FlowID":"FL_3"},{"Type":"Branch","FlowID":"FL_5","Description":"New Branch","BranchLogic":{"0":{"0":{"LogicType":"Question","QuestionID":"QID39","QuestionIsInLoop":"no","ChoiceLocator":"q:\/\/QID39\/SelectableChoice\/1","Operator":"NotSelected","QuestionIDFromLocator":"QID39","LeftOperand":"q:\/\/QID39\/SelectableChoice\/1","Type":"Expression","Description":"<span class=\"ConjDesc\">If<\/span> <span class=\"QuestionDesc\">Are you 18 years of age or older?<\/span> <span class=\"LeftOpDesc\">Yes<\/span> <span class=\"OpDesc\">Is Not Selected<\/span> "},"1":{"LogicType":"Question","QuestionID":"QID38","QuestionIsInLoop":"no","ChoiceLocator":"q:\/\/QID38\/SelectableChoice\/1","Operator":"NotSelected","QuestionIDFromLocator":"QID38","LeftOperand":"q:\/\/QID38\/SelectableChoice\/1","Type":"Expression","Description":"<span class=\"ConjDesc\">Or<\/span> <span class=\"QuestionDesc\">Are you located in the United States?<\/span> <span class=\"LeftOpDesc\">Yes<\/span> <span class=\"OpDesc\">Is Not Selected<\/span> ","Conjuction":"Or"},"2":{"LogicType":"Question","QuestionID":"QID25","QuestionIsInLoop":"no","ChoiceLocator":"q:\/\/QID25\/SelectableChoice\/1","Operator":"NotSelected","QuestionIDFromLocator":"QID25","LeftOperand":"q:\/\/QID25\/SelectableChoice\/1","Type":"Expression","Description":"<span class=\"ConjDesc\">Or<\/span> <span class=\"QuestionDesc\">Do you have a computer with high-speed internet that you can use for the interview?<\/span> <span class=\"LeftOpDesc\">Yes<\/span> <span class=\"OpDesc\">Is Not Selected<\/span> ","Conjuction":"Or"},"3":{"LogicType":"Question","QuestionID":"QID26","QuestionIsInLoop":"no","ChoiceLocator":"q:\/\/QID26\/SelectableChoice\/1","Operator":"NotSelected","QuestionIDFromLocator":"QID26","LeftOperand":"q:\/\/QID26\/SelectableChoice\/1","Type":"Expression","Description":"<span class=\"ConjDesc\">Or<\/span> <span class=\"QuestionDesc\">Are you able and willing to install Zoom on that computer and use it for the interview? (If you n...<\/span> <span class=\"LeftOpDesc\">Yes<\/span> <span class=\"OpDesc\">Is Not Selected<\/span> ","Conjuction":"Or"},"4":{"LogicType":"Question","QuestionID":"QID28","QuestionIsInLoop":"no","ChoiceLocator":"q:\/\/QID28\/SelectableChoice\/1","Operator":"NotSelected","QuestionIDFromLocator":"QID28","LeftOperand":"q:\/\/QID28\/SelectableChoice\/1","Type":"Expression","Description":"<span class=\"ConjDesc\">Or<\/span> <span class=\"QuestionDesc\">Do you speak English fluently?<\/span> <span class=\"LeftOpDesc\">Yes<\/span> <span class=\"OpDesc\">Is Not Selected<\/span> ","Conjuction":"Or"},"5":{"LogicType":"Question","QuestionID":"QID24","QuestionIsInLoop":"no","ChoiceLocator":"q:\/\/QID24\/SelectableChoice\/2","Operator":"NotSelected","QuestionIDFromLocator":"QID24","LeftOperand":"q:\/\/QID24\/SelectableChoice\/2","Type":"Expression","Description":"<span class=\"ConjDesc\">Or<\/span> <span class=\"QuestionDesc\">Do you have any vision limitations that would prevent you from viewing images and reading text on...<\/span> <span class=\"LeftOpDesc\">No<\/span> <span class=\"OpDesc\">Is Not Selected<\/span> ","Conjuction":"Or"},"Type":"If"},"Type":"BooleanExpression"},"Flow":[{"Type":"EndSurvey","FlowID":"FL_9","EndingType":"Advanced","Options":{"Advanced":"true","SurveyTermination":"DisplayMessage","EOSMessageLibrary":"UR_0ln9s2gTdNmFtCB","EOSMessage":"MS_1H2NrAJcCrVbKZv"}}]},{"Type":"Standard","ID":"BL_41MGES7kKcckruB","FlowID":"FL_8"},{"Type":"Standard","ID":"BL_8H69Al3DZOikG5n","FlowID":"FL_6"},{"Type":"EndSurvey","FlowID":"FL_7"}],"Properties":{"Count":9,"RemovedFieldsets":[]}}},{"SurveyID":"SV_3wVw0sBKaajfjUh","Element":"SO","PrimaryAttribute":"Survey Options","SecondaryAttribute":null,"TertiaryAttribute":null,"Payload":{"BackButton":"false","SaveAndContinue":"true","SurveyProtection":"PublicSurvey","BallotBoxStuffingPrevention":"true","NoIndex":"Yes","SecureResponseFiles":"true","SurveyExpiration":null,"SurveyTermination":"DisplayMessage","Header":"","Footer":"","ProgressBarDisplay":"Text","PartialData":"+1 week","ValidationMessage":null,"PreviousButton":" \u2190 ","NextButton":" \u2192 ","SkinLibrary":"cmu","SkinType":"templated","Skin":{"brandingId":"7340054445","templateId":"*2014","overrides":null},"NewScoring":1,"EOSMessage":"MS_79wnTKSjTAKGlGB","ShowExportTags":"false","CollectGeoLocation":"false","SurveyTitle":"Screening survey","SurveyMetaDescription":"The most powerful, simple and trusted way to gather experience data. Start your journey to experience management and try a free account today.","PasswordProtection":"No","AnonymizeResponse":"Yes","Password":"","RefererCheck":"No","RefererURL":"http:\/\/","ResponseSummary":"No","EOSMessageLibrary":"UR_0ln9s2gTdNmFtCB","EOSRedirectURL":"https:\/\/","EmailThankYou":"false","ThankYouEmailMessageLibrary":null,"ThankYouEmailMessage":null,"ValidateMessage":"false","ValidationMessageLibrary":null,"InactiveSurvey":"DefaultMessage","PartialDataCloseAfter":"LastActivity","ActiveResponseSet":null,"InactiveMessageLibrary":"","InactiveMessage":"","AvailableLanguages":{"EN":[]},"CustomStyles":[],"UseCustomSurveyLinkCompletedMessage":null,"SurveyLinkCompletedMessage":"","SurveyLinkCompletedMessageLibrary":"","ProtectSelectionIds":true,"BallotBoxStuffingPreventionBehavior":"DefaultMessage","BallotBoxStuffingPreventionMessage":"","BallotBoxStuffingPreventionMessageLibrary":"","BallotBoxStuffingPreventionURL":null,"RecaptchaV3":"false","ConfirmStart":false,"AutoConfirmStart":false,"RelevantID":"false","RelevantIDLockoutPeriod":"+30 days","SurveyName":"Healthcare tool study screening & demographic survey"}},{"SurveyID":"SV_3wVw0sBKaajfjUh","Element":"SCO","PrimaryAttribute":"Scoring","SecondaryAttribute":null,"TertiaryAttribute":null,"Payload":{"ScoringCategories":[],"ScoringCategoryGroups":[],"ScoringSummaryCategory":null,"ScoringSummaryAfterQuestions":0,"ScoringSummaryAfterSurvey":0,"DefaultScoringCategory":null,"AutoScoringCategory":null}},{"SurveyID":"SV_3wVw0sBKaajfjUh","Element":"PROJ","PrimaryAttribute":"CORE","SecondaryAttribute":null,"TertiaryAttribute":"1.1.0","Payload":{"ProjectCategory":"CORE","SchemaVersion":"1.1.0"}},{"SurveyID":"SV_3wVw0sBKaajfjUh","Element":"STAT","PrimaryAttribute":"Survey Statistics","SecondaryAttribute":null,"TertiaryAttribute":null,"Payload":{"MobileCompatible":true,"ID":"Survey Statistics"}},{"SurveyID":"SV_3wVw0sBKaajfjUh","Element":"QC","PrimaryAttribute":"Survey Question Count","SecondaryAttribute":"39","TertiaryAttribute":null,"Payload":null},{"SurveyID":"SV_3wVw0sBKaajfjUh","Element":"SQ","PrimaryAttribute":"QID39","SecondaryAttribute":"Are you 18 years of age or older?","TertiaryAttribute":null,"Payload":{"QuestionText":"Are you 18 years of age or older?","DataExportTag":"Q39","QuestionType":"MC","Selector":"SAVR","SubSelector":"TX","Configuration":{"QuestionDescriptionOption":"UseText"},"QuestionDescription":"Are you 18 years of age or older?","Choices":{"1":{"Display":"Yes"},"2":{"Display":"No"}},"ChoiceOrder":["1","2"],"Validation":{"Settings":{"ForceResponse":"RequestResponse","ForceResponseType":"RequestResponse","Type":"None"}},"Language":[],"NextChoiceId":4,"NextAnswerId":1,"QuestionID":"QID39","DataVisibility":{"Private":false,"Hidden":false}}},{"SurveyID":"SV_3wVw0sBKaajfjUh","Element":"SQ","PrimaryAttribute":"QID26","SecondaryAttribute":"Are you able and willing to install Zoom on that computer and use it for the interview? (If you n...","TertiaryAttribute":null,"Payload":{"QuestionText":"Are you able and willing to install Zoom on that computer and use it for the interview?<div><br><\/div><div>(If you need help setting it up, we'll be happy to assist you.)<\/div>","DataExportTag":"Q30","QuestionType":"MC","Selector":"SAVR","SubSelector":"TX","Configuration":{"QuestionDescriptionOption":"UseText"},"QuestionDescription":"Are you able and willing to install Zoom on that computer and use it for the interview? (If you n...","Choices":{"1":{"Display":"Yes"},"2":{"Display":"No"}},"ChoiceOrder":["1","2"],"Validation":{"Settings":{"ForceResponse":"RequestResponse","ForceResponseType":"RequestResponse","Type":"None"}},"Language":[],"NextChoiceId":5,"NextAnswerId":1,"QuestionID":"QID26","DataVisibility":{"Private":false,"Hidden":false}}},{"SurveyID":"SV_3wVw0sBKaajfjUh","Element":"SQ","PrimaryAttribute":"QID38","SecondaryAttribute":"Are you located in the United States?","TertiaryAttribute":null,"Payload":{"QuestionText":"Are you located in the United States?","DataExportTag":"Q38","QuestionType":"MC","Selector":"SAVR","SubSelector":"TX","Configuration":{"QuestionDescriptionOption":"UseText"},"QuestionDescription":"Are you located in the United States?","Choices":{"1":{"Display":"Yes"},"2":{"Display":"No"}},"ChoiceOrder":["1","2"],"Validation":{"Settings":{"ForceResponse":"RequestResponse","ForceResponseType":"RequestResponse","Type":"None"}},"Language":[],"NextChoiceId":4,"NextAnswerId":1,"QuestionID":"QID38","DataVisibility":{"Private":false,"Hidden":false}}},{"SurveyID":"SV_3wVw0sBKaajfjUh","Element":"SQ","PrimaryAttribute":"QID14","SecondaryAttribute":"Click to write the question text","TertiaryAttribute":null,"Payload":{"QuestionText":"Click to write the question text","DataExportTag":"Q14","QuestionType":"MC","Selector":"SAVR","SubSelector":"TX","Configuration":{"QuestionDescriptionOption":"UseText"},"QuestionDescription":"Click to write the question text","Choices":{"1":{"Display":"Click to write Choice 1"},"2":{"Display":"Click to write Choice 2"},"3":{"Display":"Click to write Choice 3"}},"ChoiceOrder":["1","2","3"],"Validation":{"Settings":{"ForceResponse":"OFF","ForceResponseType":"ON","Type":"None"}},"Language":[],"NextChoiceId":4,"NextAnswerId":1,"QuestionID":"QID14"}},{"SurveyID":"SV_3wVw0sBKaajfjUh","Element":"SQ","PrimaryAttribute":"QID15","SecondaryAttribute":"Click to write the question text","TertiaryAttribute":null,"Payload":{"QuestionText":"Click to write the question text","DataExportTag":"Q15","QuestionType":"MC","Selector":"SAVR","SubSelector":"TX","Configuration":{"QuestionDescriptionOption":"UseText"},"QuestionDescription":"Click to write the question text","Choices":{"1":{"Display":"Click to write Choice 1"},"2":{"Display":"Click to write Choice 2"},"3":{"Display":"Click to write Choice 3"}},"ChoiceOrder":["1","2","3"],"Validation":{"Settings":{"ForceResponse":"OFF","ForceResponseType":"ON","Type":"None"}},"Language":[],"NextChoiceId":4,"NextAnswerId":1,"QuestionID":"QID15"}},{"SurveyID":"SV_3wVw0sBKaajfjUh","Element":"SQ","PrimaryAttribute":"QID17","SecondaryAttribute":"Click to write the question text","TertiaryAttribute":null,"Payload":{"QuestionText":"Click to write the question text","DataExportTag":"Q17","QuestionType":"MC","Selector":"SAVR","SubSelector":"TX","Configuration":{"QuestionDescriptionOption":"UseText"},"QuestionDescription":"Click to write the question text","Choices":{"1":{"Display":"Click to write Choice 1"},"2":{"Display":"Click to write Choice 2"},"3":{"Display":"Click to write Choice 3"}},"ChoiceOrder":["1","2","3"],"Validation":{"Settings":{"ForceResponse":"OFF","ForceResponseType":"ON","Type":"None"}},"Language":[],"NextChoiceId":4,"NextAnswerId":1,"QuestionID":"QID17"}},{"SurveyID":"SV_3wVw0sBKaajfjUh","Element":"SQ","PrimaryAttribute":"QID22","SecondaryAttribute":"Click to write the question text","TertiaryAttribute":null,"Payload":{"QuestionText":"Click to write the question text","DataExportTag":"Q26","QuestionType":"MC","Selector":"SAVR","SubSelector":"TX","Configuration":{"QuestionDescriptionOption":"UseText"},"QuestionDescription":"Click to write the question text","Choices":{"1":{"Display":"Click to write Choice 1"},"2":{"Display":"Click to write Choice 2"},"3":{"Display":"Click to write Choice 3"}},"ChoiceOrder":["1","2","3"],"Validation":{"Settings":{"ForceResponse":"OFF","ForceResponseType":"ON","Type":"None"}},"Language":[],"NextChoiceId":4,"NextAnswerId":1,"QuestionID":"QID22"}},{"SurveyID":"SV_3wVw0sBKaajfjUh","Element":"RS","PrimaryAttribute":"RS_9Xjv2HegI13mgu1","SecondaryAttribute":"Default Response Set","TertiaryAttribute":null,"Payload":null},{"SurveyID":"SV_3wVw0sBKaajfjUh","Element":"SQ","PrimaryAttribute":"QID23","SecondaryAttribute":"Do you consider yourself fluent or proficient in English?","TertiaryAttribute":null,"Payload":{"QuestionText":"Do you consider yourself fluent or proficient in English?","DataExportTag":"Q27","QuestionType":"MC","Selector":"SAVR","SubSelector":"TX","Configuration":{"QuestionDescriptionOption":"UseText"},"QuestionDescription":"Do you consider yourself fluent or proficient in English?","Choices":{"1":{"Display":"Yes"},"2":{"Display":"No"}},"ChoiceOrder":["1","2"],"Validation":{"Settings":{"ForceResponse":"OFF","ForceResponseType":"ON","Type":"None"}},"Language":[],"NextChoiceId":5,"NextAnswerId":1,"QuestionID":"QID23"}},{"SurveyID":"SV_3wVw0sBKaajfjUh","Element":"SQ","PrimaryAttribute":"QID25","SecondaryAttribute":"Do you have a computer with high-speed internet that you can use for the interview?","TertiaryAttribute":null,"Payload":{"QuestionText":"Do you have a computer with high-speed internet that you can use for the interview?","DataExportTag":"Q29","QuestionType":"MC","Selector":"SAVR","SubSelector":"TX","Configuration":{"QuestionDescriptionOption":"UseText"},"QuestionDescription":"Do you have a computer with high-speed internet that you can use for the interview?","Choices":{"1":{"Display":"Yes"},"2":{"Display":"No"}},"ChoiceOrder":["1","2"],"Validation":{"Settings":{"ForceResponse":"RequestResponse","ForceResponseType":"RequestResponse","Type":"None"}},"Language":[],"NextChoiceId":4,"NextAnswerId":1,"QuestionID":"QID25"}},{"SurveyID":"SV_3wVw0sBKaajfjUh","Element":"SQ","PrimaryAttribute":"QID34","SecondaryAttribute":"Do you have a formal education in any of the following fields? (\"Formal education\" could mean a c...","TertiaryAttribute":null,"Payload":{"QuestionText":"Do you have a formal <b>education<\/b> in any of the following fields?<br><br>(\"Formal education\" could mean a completed degree or certificate, or classes or trainings you took towards a degree or certificate.)","QuestionType":"MC","Selector":"MAVR","SubSelector":"TX","Configuration":{"QuestionDescriptionOption":"UseText"},"QuestionDescription":"Do you have a formal education in any of the following fields? (\"Formal education\" could mean a c...","Choices":{"4":{"Display":"Computer-related fields (e.g., computer science, computer engineering, programming, development, IT)"},"5":{"Display":"Law or legal services"},"6":{"Display":"Healthcare practice (e.g., medical assistant training, nursing school, medical school)"},"7":{"Display":"None of the above"},"9":{"Display":"Healthcare administration"}},"ChoiceOrder":["4","5","6","9","7"],"Validation":{"Settings":{"ForceResponse":"RequestResponse","ForceResponseType":"RequestResponse","Type":"None"}},"Language":[],"NextChoiceId":10,"NextAnswerId":1,"DataVisibility":{"Private":false,"Hidden":false},"QuestionText_Unsafe":"Do you have a formal <b>education<\/b> in any of the following fields?<br><br>(\"Formal education\" could mean a completed degree or certificate, or classes or trainings you took towards a degree or certificate.)","AnalyzeChoices":{"7":"No"},"DataExportTag":"Q34","QuestionID":"QID34"}},{"SurveyID":"SV_3wVw0sBKaajfjUh","Element":"SQ","PrimaryAttribute":"QID24","SecondaryAttribute":"Do you have any vision limitations that would prevent you from viewing images and reading text on...","TertiaryAttribute":null,"Payload":{"QuestionText":"Do you have any vision limitations that would prevent you from viewing images and reading text on your computer screen?","DataExportTag":"Q28","QuestionType":"MC","Selector":"SAVR","SubSelector":"TX","Configuration":{"QuestionDescriptionOption":"UseText"},"QuestionDescription":"Do you have any vision limitations that would prevent you from viewing images and reading text on...","Choices":{"1":{"Display":"Yes"},"2":{"Display":"No"}},"ChoiceOrder":["1","2"],"Validation":{"Settings":{"ForceResponse":"RequestResponse","ForceResponseType":"RequestResponse","Type":"None"}},"Language":[],"NextChoiceId":4,"NextAnswerId":1,"QuestionID":"QID24"}},{"SurveyID":"SV_3wVw0sBKaajfjUh","Element":"SQ","PrimaryAttribute":"QID35","SecondaryAttribute":"Do you have work experience in any of the following fields? Check the boxes for any fields you wo...","TertiaryAttribute":null,"Payload":{"QuestionText":"Do you have <b>work experience <\/b>in any of the following fields?<div><br><\/div><div>Check the boxes for any fields you work in now or have worked in previously.<\/div>","QuestionType":"MC","Selector":"MAVR","SubSelector":"TX","Configuration":{"QuestionDescriptionOption":"UseText"},"QuestionDescription":"Do you have work experience in any of the following fields? Check the boxes for any fields you wo...","Choices":{"1":{"Display":"Computer-related fields (e.g., have worked as a programmer or in IT)"},"2":{"Display":"Law or legal services (e.g., have worked as a paralegal or lawyer)"},"3":{"Display":"Healthcare practice (e.g., have worked as a medical assistant, nurse, doctor)"},"4":{"Display":"Healthcare administration"},"5":{"Display":"None of the above"}},"ChoiceOrder":["1","2","3","4","5"],"Validation":{"Settings":{"ForceResponse":"ON","ForceResponseType":"ON","Type":"None"}},"Language":[],"NextChoiceId":6,"NextAnswerId":1,"AnalyzeChoices":{"5":"No"},"DataVisibility":{"Private":false,"Hidden":false},"QuestionText_Unsafe":"Do you have <b>work experience <\/b>in any of the following fields?<div><br><\/div><div>Check the boxes for any fields you work in now or have worked in previously.<\/div>","DataExportTag":"Q35","QuestionID":"QID35"}},{"SurveyID":"SV_3wVw0sBKaajfjUh","Element":"SQ","PrimaryAttribute":"QID32","SecondaryAttribute":"Do you identify as Hispanic and\/or Latino\/Latina\/Latinx?","TertiaryAttribute":null,"Payload":{"QuestionText":"Do you identify as Hispanic and\/or Latino\/Latina\/Latinx?","QuestionType":"MC","Selector":"SAVR","SubSelector":"TX","DataVisibility":{"Private":false,"Hidden":false},"Configuration":{"QuestionDescriptionOption":"UseText","Autoscale":{"YScale":{"Name":"yesNo","Type":"likert","Reverse":false}}},"QuestionDescription":"Do you identify as Hispanic and\/or Latino\/Latina\/Latinx?","Choices":{"1":{"Display":"Yes"},"2":{"Display":"No"},"3":{"Display":"Prefer not to respond"}},"ChoiceOrder":[1,2,"3"],"Validation":{"Settings":{"ForceResponse":"RequestResponse","ForceResponseType":"RequestResponse","Type":"None"}},"GradingData":[],"Language":[],"NextChoiceId":5,"NextAnswerId":1,"QuestionText_Unsafe":"Do you identify as Hispanic and\/or Latino\/Latina\/Latinx?","DataExportTag":"Q32","QuestionID":"QID32"}},{"SurveyID":"SV_3wVw0sBKaajfjUh","Element":"SQ","PrimaryAttribute":"QID21","SecondaryAttribute":"Do you identify as Hispanic and\/or Latinx?","TertiaryAttribute":null,"Payload":{"QuestionText":"Do you identify as Hispanic and\/or Latinx?","DataExportTag":"Q25","QuestionType":"MC","Selector":"SAVR","SubSelector":"TX","DataVisibility":{"Private":false,"Hidden":false},"Configuration":{"QuestionDescriptionOption":"UseText","Autoscale":{"YScale":{"Name":"yesNo","Type":"likert","Reverse":false}}},"QuestionDescription":"Do you identify as Hispanic and\/or Latinx?","Choices":{"1":{"Display":"Yes"},"2":{"Display":"No"}},"ChoiceOrder":[1,2],"Validation":{"Settings":{"ForceResponse":"RequestResponse","ForceResponseType":"RequestResponse","Type":"None"}},"GradingData":[],"Language":[],"NextChoiceId":3,"NextAnswerId":1,"QuestionID":"QID21"}},{"SurveyID":"SV_3wVw0sBKaajfjUh","Element":"SQ","PrimaryAttribute":"QID28","SecondaryAttribute":"Do you speak English fluently?","TertiaryAttribute":null,"Payload":{"QuestionText":"Do you speak English fluently?","DataExportTag":"Q28","QuestionType":"MC","Selector":"SAVR","SubSelector":"TX","Configuration":{"QuestionDescriptionOption":"UseText"},"QuestionDescription":"Do you speak English fluently?","Choices":{"1":{"Display":"Yes"},"2":{"Display":"No"}},"ChoiceOrder":["1","2"],"Validation":{"Settings":{"ForceResponse":"RequestResponse","ForceResponseType":"RequestResponse","Type":"None"}},"Language":[],"NextChoiceId":4,"NextAnswerId":1,"QuestionID":"QID28","DataVisibility":{"Private":false,"Hidden":false}}},{"SurveyID":"SV_3wVw0sBKaajfjUh","Element":"SQ","PrimaryAttribute":"QID9","SecondaryAttribute":"Have you ever worked or taken coursework related to privacy or security?","TertiaryAttribute":null,"Payload":{"QuestionText":"Have you ever worked or taken coursework related to privacy or security?","DataExportTag":"Q9_privacy","QuestionType":"MC","Selector":"SAVR","SubSelector":"TX","Configuration":{"QuestionDescriptionOption":"UseText"},"QuestionDescription":"Have you ever worked or taken coursework related to privacy or security?","Choices":{"1":{"Display":"Yes"},"2":{"Display":"No"},"3":{"Display":"Prefer not to answer"}},"ChoiceOrder":["1","2","3"],"Validation":{"Settings":{"ForceResponse":"ON","ForceResponseType":"ON","Type":"None"}},"Language":[],"NextChoiceId":4,"NextAnswerId":1,"QuestionID":"QID9","DataVisibility":{"Private":false,"Hidden":false}}},{"SurveyID":"SV_3wVw0sBKaajfjUh","Element":"SQ","PrimaryAttribute":"QID19","SecondaryAttribute":"How do you describe your gender identity?","TertiaryAttribute":null,"Payload":{"QuestionText":"How do you describe your gender identity?","DataExportTag":"Q21","QuestionType":"MC","Selector":"MAVR","SubSelector":"TX","DataVisibility":{"Private":false,"Hidden":false},"Configuration":{"QuestionDescriptionOption":"UseText"},"QuestionDescription":"How do you describe your gender identity?","Choices":{"1":{"Display":"Male"},"2":{"Display":"Female"},"3":{"Display":"Agender"},"4":{"Display":"Non-binary"},"5":{"Display":"Genderqueer"},"6":{"Display":"Not sure"},"7":{"Display":"Not listed above (you may describe if you wish)","TextEntry":"true"},"8":{"Display":"Prefer not to respond","ExclusiveAnswer":true}},"ChoiceOrder":[1,2,3,4,5,6,7,8],"Validation":{"Settings":{"ForceResponse":"RequestResponse","ForceResponseType":"RequestResponse","Type":"None"}},"GradingData":[],"Language":[],"NextChoiceId":9,"NextAnswerId":1,"QuestionID":"QID19"}},{"SurveyID":"SV_3wVw0sBKaajfjUh","Element":"SQ","PrimaryAttribute":"QID30","SecondaryAttribute":"How do you describe your gender identity?","TertiaryAttribute":null,"Payload":{"QuestionText":"How do you describe your gender identity?","QuestionType":"MC","Selector":"MAVR","SubSelector":"TX","DataVisibility":{"Private":false,"Hidden":false},"Configuration":{"QuestionDescriptionOption":"UseText"},"QuestionDescription":"How do you describe your gender identity?","Choices":{"1":{"Display":"Male"},"2":{"Display":"Female"},"3":{"Display":"Agender"},"4":{"Display":"Non-binary"},"5":{"Display":"Genderqueer"},"6":{"Display":"Not sure"},"7":{"Display":"Not listed above (you may describe if you wish)","TextEntry":"true"},"8":{"Display":"Prefer not to respond","ExclusiveAnswer":true}},"ChoiceOrder":[1,2,3,4,5,6,7,8],"Validation":{"Settings":{"ForceResponse":"RequestResponse","ForceResponseType":"RequestResponse","Type":"None"}},"GradingData":[],"Language":[],"NextChoiceId":9,"NextAnswerId":1,"QuestionText_Unsafe":"How do you describe your gender identity?","DataExportTag":"Q30","QuestionID":"QID30"}},{"SurveyID":"SV_3wVw0sBKaajfjUh","Element":"SQ","PrimaryAttribute":"QID20","SecondaryAttribute":"How do you describe your race or ethnic identity? (You may select more than one option.)","TertiaryAttribute":null,"Payload":{"QuestionText":"How do you describe your race or ethnic identity? (You may select more than one option.)","DataExportTag":"Q23","QuestionType":"MC","Selector":"MAVR","SubSelector":"TX","DataVisibility":{"Private":false,"Hidden":false},"Configuration":{"QuestionDescriptionOption":"UseText"},"QuestionDescription":"How do you describe your race or ethnic identity? (You may select more than one option.)","Choices":{"1":{"Display":"White"},"2":{"Display":"Black or African American"},"3":{"Display":"American Indian or Alaska Native"},"4":{"Display":"Asian"},"5":{"Display":"Native Hawaiian or Pacific Islander"},"6":{"Display":"Not listed above (you may describe if you wish)","TextEntry":"true"}},"ChoiceOrder":[1,2,3,4,5,6],"Validation":{"Settings":{"ForceResponse":"RequestResponse","ForceResponseType":"RequestResponse","Type":"None"}},"Language":[],"NextChoiceId":7,"NextAnswerId":1,"QuestionID":"QID20"}},{"SurveyID":"SV_3wVw0sBKaajfjUh","Element":"SQ","PrimaryAttribute":"QID31","SecondaryAttribute":"How do you describe your race or ethnic identity? (You may select more than one option.)","TertiaryAttribute":null,"Payload":{"QuestionText":"How do you describe your race or ethnic identity? (You may select more than one option.)","QuestionType":"MC","Selector":"MAVR","SubSelector":"TX","DataVisibility":{"Private":false,"Hidden":false},"Configuration":{"QuestionDescriptionOption":"UseText"},"QuestionDescription":"How do you describe your race or ethnic identity? (You may select more than one option.)","Choices":{"1":{"Display":"White"},"2":{"Display":"Black or African American"},"3":{"Display":"American Indian or Alaska Native"},"4":{"Display":"Asian"},"5":{"Display":"Native Hawaiian or Pacific Islander"},"6":{"Display":"Not listed above (you may describe if you wish)","TextEntry":"true"},"7":{"Display":"Prefer not to respond"}},"ChoiceOrder":[1,2,3,4,5,6,"7"],"Validation":{"Settings":{"ForceResponse":"RequestResponse","ForceResponseType":"RequestResponse","Type":"None"}},"Language":[],"NextChoiceId":9,"NextAnswerId":1,"QuestionText_Unsafe":"How do you describe your race or ethnic identity? (You may select more than one option.)","DataExportTag":"Q31","QuestionID":"QID31"}},{"SurveyID":"SV_3wVw0sBKaajfjUh","Element":"SQ","PrimaryAttribute":"QID13","SecondaryAttribute":"If you have any questions or comments about the study, please leave them here.","TertiaryAttribute":null,"Payload":{"QuestionText":"If you have any questions or comments about the study, please leave them here.","DefaultChoices":false,"DataExportTag":"Q13_comments","QuestionType":"TE","Selector":"ML","Configuration":{"QuestionDescriptionOption":"UseText","AllowFreeResponse":"false","InputWidth":592,"InputHeight":89},"QuestionDescription":"If you have any questions or comments about the study, please leave them here.","Validation":{"Settings":{"ForceResponse":"OFF","ForceResponseType":"ON","Type":"None"}},"GradingData":[],"Language":[],"NextChoiceId":4,"NextAnswerId":1,"QuestionID":"QID13","DataVisibility":{"Private":false,"Hidden":false}}},{"SurveyID":"SV_3wVw0sBKaajfjUh","Element":"SQ","PrimaryAttribute":"QID16","SecondaryAttribute":"Our research team at Carnegie Mellon University is searching for people to participate in virtual...","TertiaryAttribute":null,"Payload":{"QuestionText":"<div>Our research team at Carnegie Mellon University is searching for people to participate in virtual interviews via Zoom. In these interviews, we will ask people to try out some online healthcare tools and give feedback on them. (This does not require revealing any of your own healthcare-related information, or any other sensitive information.)<br>\n<br>\n<strong>If you are interested in participating in this interview study, please&nbsp;complete this initial screening&nbsp;survey. This survey should just take a few minutes. You will not be paid for completing the screening survey.<\/strong><br>\n<br>\nIf you are selected for the interview study, a member of the study team will reach out to you via e-mail to schedule a study session that will take place via Zoom in fall 2020. If you are selected, you will be asked to complete a virtual interview with our research team that will last about 30-45 minutes. Each participant who completes the interview session will receive a $15 Amazon gift code.<\/div>\n\n<div>&nbsp;<\/div>\n\n<div>&nbsp;<\/div>","DefaultChoices":false,"DataExportTag":"Q16","QuestionType":"DB","Selector":"TB","Configuration":{"QuestionDescriptionOption":"UseText"},"QuestionDescription":"Our research team at Carnegie Mellon University is searching for people to participate in virtual...","ChoiceOrder":[],"Validation":{"Settings":{"Type":"None"}},"GradingData":[],"Language":[],"NextChoiceId":4,"NextAnswerId":1,"QuestionID":"QID16","DataVisibility":{"Private":false,"Hidden":false}}},{"SurveyID":"SV_3wVw0sBKaajfjUh","Element":"SQ","PrimaryAttribute":"QID10","SecondaryAttribute":"Please describe your experience working or taking coursework related to privacy or security.","TertiaryAttribute":null,"Payload":{"QuestionText":"Please describe your experience working or taking coursework related to privacy or security.","DefaultChoices":false,"DataExportTag":"Q10_privacy_open","QuestionType":"TE","Selector":"ML","Configuration":{"QuestionDescriptionOption":"UseText","AllowFreeResponse":"false","InputWidth":616,"InputHeight":76},"QuestionDescription":"Please describe your experience working or taking coursework related to privacy or security.","InPageDisplayLogic":{"0":{"0":{"QuestionID":"QID9","QuestionIsInLoop":"no","ChoiceLocator":"q:\/\/QID9\/SelectableChoice\/1","Operator":"Selected","QuestionIDFromLocator":"QID9","LeftOperand":"q:\/\/QID9\/SelectableChoice\/1","Type":"Expression","LogicType":"Question","Description":"<span class=\"ConjDesc\">If<\/span> <span class=\"QuestionDesc\">Have you ever worked or taken coursework related to privacy or security?<\/span> <span class=\"LeftOpDesc\">Yes<\/span> <span class=\"OpDesc\">Is Selected<\/span> "},"Type":"If"},"Type":"BooleanExpression","inPage":true},"Validation":{"Settings":{"ForceResponse":"OFF","ForceResponseType":"ON","Type":"None"}},"GradingData":[],"Language":[],"NextChoiceId":4,"NextAnswerId":1,"QuestionID":"QID10","DataVisibility":{"Private":false,"Hidden":false}}},{"SurveyID":"SV_3wVw0sBKaajfjUh","Element":"SQ","PrimaryAttribute":"QID1","SecondaryAttribute":"Thank you for your interest in our study! Please answer a few questions about your demographics a...","TertiaryAttribute":null,"Payload":{"QuestionText":"Thank you for your interest in our study! Please answer a few questions about your demographics and provide your availability.","DefaultChoices":false,"DataExportTag":"Q1_intro","QuestionID":"QID1","QuestionType":"DB","Selector":"TB","DataVisibility":{"Private":false,"Hidden":false},"Configuration":{"QuestionDescriptionOption":"UseText"},"QuestionDescription":"Thank you for your interest in our study! Please answer a few questions about your demographics a...","ChoiceOrder":[],"Validation":{"Settings":{"Type":"None"}},"GradingData":[],"Language":[],"NextChoiceId":4,"NextAnswerId":1}},{"SurveyID":"SV_3wVw0sBKaajfjUh","Element":"SQ","PrimaryAttribute":"QID37","SecondaryAttribute":"We plan to invite approximately 20 people to participate in the interview study who are as repres...","TertiaryAttribute":null,"Payload":{"QuestionText":"We plan to invite approximately 20 people to participate in the interview study who are as representative as possible of the US population. We will use the following questions to select a diverse group of participants in terms of age, gender, race, income, education level, and subject-matter expertise.\u2029<br><br><div>If you do not go on to participate in the interview study, this data will be deleted when the recruitment process has ended. If you consent to participate in the interview portion of the study, we may store this data (anonymized, not with identifying information such as your name or email address) and use it when analyzing and reporting the results from our interview data.<\/div>","DefaultChoices":false,"DataExportTag":"Q37","QuestionType":"DB","Selector":"TB","Configuration":{"QuestionDescriptionOption":"UseText"},"QuestionDescription":"We plan to invite approximately 20 people to participate in the interview study who are as repres...","ChoiceOrder":[],"Validation":{"Settings":{"Type":"None"}},"GradingData":[],"Language":[],"NextChoiceId":4,"NextAnswerId":1,"QuestionID":"QID37","DataVisibility":{"Private":false,"Hidden":false}}},{"SurveyID":"SV_3wVw0sBKaajfjUh","Element":"SQ","PrimaryAttribute":"QID4","SecondaryAttribute":"What is the highest level of education you have completed?","TertiaryAttribute":null,"Payload":{"QuestionText":"What is the highest level of education you have completed?","DataExportTag":"Q4_education","QuestionType":"MC","Selector":"SAVR","SubSelector":"TX","Configuration":{"QuestionDescriptionOption":"UseText"},"QuestionDescription":"What is the highest level of education you have completed?","Choices":{"1":{"Display":"Less than high school"},"2":{"Display":"High school or equivalent"},"3":{"Display":"Some college but no degree"},"4":{"Display":"Trade, technical, or vocational training"},"5":{"Display":"Associate's degree"},"6":{"Display":"Bachelor's degree"},"7":{"Display":"Master's degree"},"8":{"Display":"Doctorate degree"},"9":{"Display":"Professional degree (JD, MD etc.)"},"10":{"Display":"Other (please specify)","TextEntry":"true"},"11":{"Display":"Prefer not to answer"}},"ChoiceOrder":[1,2,3,4,5,6,7,8,9,10,11],"Validation":{"Settings":{"ForceResponse":"ON","ForceResponseType":"ON","Type":"None"}},"Language":[],"NextChoiceId":12,"NextAnswerId":1,"QuestionID":"QID4","DataVisibility":{"Private":false,"Hidden":false}}},{"SurveyID":"SV_3wVw0sBKaajfjUh","Element":"SQ","PrimaryAttribute":"QID33","SecondaryAttribute":"What is the highest level of school you have completed or the highest degree you have received? ","TertiaryAttribute":null,"Payload":{"QuestionText":"What is the highest level of school you have completed or the highest degree you have received?&nbsp;","QuestionType":"MC","Selector":"SAVR","SubSelector":"TX","DataVisibility":{"Private":false,"Hidden":false},"Configuration":{"QuestionDescriptionOption":"UseText"},"QuestionDescription":"What is the highest level of school you have completed or the highest degree you have received? ","Choices":{"1":{"Display":"Less than high school degree"},"2":{"Display":"High school graduate (high school diploma or equivalent including GED)"},"3":{"Display":"Some college but no degree"},"4":{"Display":"Associate degree in college (2-year)"},"5":{"Display":"Bachelor's degree in college (4-year)"},"6":{"Display":"Master's degree"},"7":{"Display":"Doctoral degree"},"8":{"Display":"Professional degree (JD, MD)"},"9":{"Display":"Prefer not to respond"}},"ChoiceOrder":[1,2,3,4,5,6,7,8,"9"],"Validation":{"Settings":{"ForceResponse":"RequestResponse","ForceResponseType":"RequestResponse","Type":"None"}},"Language":[],"NextChoiceId":10,"NextAnswerId":1,"QuestionText_Unsafe":"What is the highest level of school you have completed or the highest degree you have received?&nbsp;","DataExportTag":"Q33","QuestionID":"QID33"}},{"SurveyID":"SV_3wVw0sBKaajfjUh","Element":"SQ","PrimaryAttribute":"QID18","SecondaryAttribute":"What is your age in years?","TertiaryAttribute":null,"Payload":{"QuestionText":"What is your age in years?","DefaultChoices":false,"DataExportTag":"Q19","QuestionType":"TE","Selector":"SL","DataVisibility":{"Private":false,"Hidden":false},"Configuration":{"QuestionDescriptionOption":"UseText","InputWidth":144,"InputHeight":29},"QuestionDescription":"What is your age in years?","Validation":{"Settings":{"ForceResponse":"RequestResponse","ForceResponseType":"RequestResponse","Type":"ContentType","ContentType":"ValidNumber","ValidDateType":"DateWithFormat","ValidPhoneType":"ValidUSPhone","ValidZipType":"ValidUSZip","ValidNumber":{"Min":"18","Max":"120","NumDecimals":"0"}}},"GradingData":[],"Language":[],"NextChoiceId":4,"NextAnswerId":1,"SearchSource":{"AllowFreeResponse":"false"},"QuestionID":"QID18"}},{"SurveyID":"SV_3wVw0sBKaajfjUh","Element":"SQ","PrimaryAttribute":"QID29","SecondaryAttribute":"What is your age in years?","TertiaryAttribute":null,"Payload":{"QuestionText":"What is your age in years?","DefaultChoices":false,"QuestionType":"TE","Selector":"SL","DataVisibility":{"Private":false,"Hidden":false},"Configuration":{"QuestionDescriptionOption":"UseText","InputWidth":144,"InputHeight":29},"QuestionDescription":"What is your age in years?","Validation":{"Settings":{"ForceResponse":"RequestResponse","ForceResponseType":"RequestResponse","Type":"ContentType","ContentType":"ValidNumber","ValidDateType":"DateWithFormat","ValidPhoneType":"ValidUSPhone","ValidZipType":"ValidUSZip","ValidNumber":{"Min":"18","Max":"120","NumDecimals":"0"}}},"GradingData":[],"Language":[],"NextChoiceId":4,"NextAnswerId":1,"SearchSource":{"AllowFreeResponse":"false"},"QuestionText_Unsafe":"What is your age in years?","DataExportTag":"Q29","QuestionID":"QID29"}},{"SurveyID":"SV_3wVw0sBKaajfjUh","Element":"SQ","PrimaryAttribute":"QID2","SecondaryAttribute":"What is your age?","TertiaryAttribute":null,"Payload":{"QuestionText":"What is your age?","DataExportTag":"Q2_age","QuestionType":"MC","Selector":"SAVR","SubSelector":"TX","Configuration":{"QuestionDescriptionOption":"UseText"},"QuestionDescription":"What is your age?","Choices":{"1":{"Display":"18-24"},"2":{"Display":"25-34"},"3":{"Display":"35-44"},"4":{"Display":"45-54"},"5":{"Display":"55-64"},"6":{"Display":"65-74"},"7":{"Display":"75 or older"},"8":{"Display":"Prefer not to answer"}},"ChoiceOrder":[1,2,3,4,5,6,7,8],"Validation":{"Settings":{"ForceResponse":"ON","ForceResponseType":"ON","Type":"None"}},"Language":[],"NextChoiceId":9,"NextAnswerId":1,"QuestionID":"QID2","DataVisibility":{"Private":false,"Hidden":false}}},{"SurveyID":"SV_3wVw0sBKaajfjUh","Element":"SQ","PrimaryAttribute":"QID3","SecondaryAttribute":"What is your current gender identity?","TertiaryAttribute":null,"Payload":{"QuestionText":"What is your current gender identity?","DataExportTag":"Q3_gender","QuestionType":"MC","Selector":"SAVR","SubSelector":"TX","Configuration":{"QuestionDescriptionOption":"UseText"},"QuestionDescription":"What is your current gender identity?","Choices":{"1":{"Display":"Male"},"2":{"Display":"Female"},"3":{"Display":"Non-binary\/third-gender"},"4":{"Display":"Not listed (please specify)","TextEntry":"true"},"5":{"Display":"Prefer not to answer"}},"ChoiceOrder":[1,2,3,4,5],"Validation":{"Settings":{"ForceResponse":"ON","ForceResponseType":"ON","Type":"None"}},"Language":[],"NextChoiceId":6,"NextAnswerId":1,"QuestionID":"QID3","DataVisibility":{"Private":false,"Hidden":false}}},{"SurveyID":"SV_3wVw0sBKaajfjUh","Element":"SQ","PrimaryAttribute":"QID12","SecondaryAttribute":"What is your primary email address? Note that this is required for study scheduling to send you m...","TertiaryAttribute":null,"Payload":{"QuestionText":"What is your primary email address? Note that this is required for study scheduling to send you more detailed information about the study and specific time options if you are selected.<br>Your email will be stored securely and will not be used for any purposes other than necessary communications for this study.","DefaultChoices":false,"DataExportTag":"Q12_contact","QuestionType":"TE","Selector":"SL","Configuration":{"QuestionDescriptionOption":"UseText","AllowFreeResponse":"false"},"QuestionDescription":"What is your primary email address? Note that this is required for study scheduling to send you m...","Validation":{"Settings":{"ForceResponse":"OFF","ForceResponseType":"ON","Type":"ContentType","ContentType":"ValidEmail","ValidDateType":"DateWithFormat","ValidPhoneType":"ValidUSPhone","ValidZipType":"ValidUSZip"}},"GradingData":[],"Language":[],"NextChoiceId":7,"NextAnswerId":1,"QuestionID":"QID12","DataVisibility":{"Private":false,"Hidden":false},"SearchSource":{"AllowFreeResponse":"false"}}},{"SurveyID":"SV_3wVw0sBKaajfjUh","Element":"SQ","PrimaryAttribute":"QID27","SecondaryAttribute":"What is your primary email address? This is required if you wish to participate, since this is ho...","TertiaryAttribute":null,"Payload":{"QuestionText":"What is your primary email address?<div><br><\/div><div>This is required if you wish to participate, since this is how we will contact you to provide more information and schedule an interview.<div><br>Your email will be stored securely and will not be used for any purposes other than recruitment, scheduling, and payment for this study.<\/div><\/div>","DefaultChoices":false,"DataExportTag":"Q31","QuestionType":"TE","Selector":"SL","Configuration":{"QuestionDescriptionOption":"UseText"},"QuestionDescription":"What is your primary email address? This is required if you wish to participate, since this is ho...","Validation":{"Settings":{"ForceResponse":"RequestResponse","ForceResponseType":"RequestResponse","Type":"ContentType","ContentType":"ValidEmail","ValidDateType":"DateWithFormat","ValidPhoneType":"ValidUSPhone","ValidZipType":"ValidUSZip"}},"GradingData":[],"Language":[],"NextChoiceId":4,"NextAnswerId":1,"SearchSource":{"AllowFreeResponse":"false"},"QuestionID":"QID27"}},{"SurveyID":"SV_3wVw0sBKaajfjUh","Element":"SQ","PrimaryAttribute":"QID36","SecondaryAttribute":"What was your approximate household income in 2019? Please answer based on your entire household'...","TertiaryAttribute":null,"Payload":{"QuestionText":"<p>What was your approximate household income in 2019?<\/p><p><br><\/p><p>Please answer based on your entire household's income in 2019, before taxes.<\/p>","QuestionType":"MC","Selector":"SAVR","SubSelector":"TX","DataVisibility":{"Private":false,"Hidden":false},"Configuration":{"QuestionDescriptionOption":"UseText"},"QuestionDescription":"What was your approximate household income in 2019? Please answer based on your entire household'...","Choices":{"1":{"Display":"Less than $10,000"},"2":{"Display":"$10,000 to $19,999"},"3":{"Display":"$20,000 to $29,999"},"4":{"Display":"$30,000 to $39,999"},"5":{"Display":"$40,000 to $49,999"},"6":{"Display":"$50,000 to $59,999"},"7":{"Display":"$60,000 to $69,999"},"8":{"Display":"$70,000 to $79,999"},"9":{"Display":"$80,000 to $89,999"},"10":{"Display":"$90,000 to $99,999"},"11":{"Display":"$100,000 to $149,999"},"12":{"Display":"$150,000 or more"},"13":{"Display":"Prefer not to respond"}},"ChoiceOrder":[1,2,3,4,5,6,7,8,9,10,11,12,"13"],"Validation":{"Settings":{"ForceResponse":"RequestResponse","ForceResponseType":"RequestResponse","Type":"None"}},"Language":[],"NextChoiceId":14,"NextAnswerId":1,"QuestionText_Unsafe":"<p>What was your approximate household income in 2019?<\/p><p><br><\/p><p>Please answer based on your entire household's income in 2019, before taxes.<\/p>","DataExportTag":"Q36","QuestionID":"QID36"}},{"SurveyID":"SV_3wVw0sBKaajfjUh","Element":"SQ","PrimaryAttribute":"QID5","SecondaryAttribute":"What was your total household income before taxes during the past 12 months?","TertiaryAttribute":null,"Payload":{"QuestionText":"What was your total household income before taxes during the past 12 months?","DataExportTag":"Q5_income","QuestionType":"MC","Selector":"SAVR","SubSelector":"TX","Configuration":{"QuestionDescriptionOption":"UseText"},"QuestionDescription":"What was your total household income before taxes during the past 12 months?","Choices":{"1":{"Display":"Less than $25,000"},"2":{"Display":"$25,000 to $49,999"},"3":{"Display":"$50,000 to $74,999"},"4":{"Display":"$75,000 to $99,999"},"5":{"Display":"$100,000 to $124,999"},"6":{"Display":"$125,000 to $149,999"},"7":{"Display":"$150,000 or more"},"8":{"Display":"Prefer not to answer"}},"ChoiceOrder":[1,2,3,4,5,6,7,8],"Validation":{"Settings":{"ForceResponse":"ON","ForceResponseType":"ON","Type":"None"}},"Language":[],"NextChoiceId":9,"NextAnswerId":1,"QuestionID":"QID5","DataVisibility":{"Private":false,"Hidden":false}}},{"SurveyID":"SV_3wVw0sBKaajfjUh","Element":"SQ","PrimaryAttribute":"QID8","SecondaryAttribute":"Which of the following best describes your job and educational background?","TertiaryAttribute":null,"Payload":{"QuestionText":"Which of the following best describes your job and educational background?","DataExportTag":"Q8_job","QuestionType":"MC","Selector":"SAVR","SubSelector":"TX","Configuration":{"QuestionDescriptionOption":"UseText"},"QuestionDescription":"Which of the following best describes your job and educational background?","Choices":{"1":{"Display":"My job and\/or education are related to computer science, computer engineering or IT."},"2":{"Display":"My job and\/or education are NOT related to computer science, computer engineering or IT."}},"ChoiceOrder":["1","2"],"Validation":{"Settings":{"ForceResponse":"RequestResponse","ForceResponseType":"RequestResponse","Type":"None"}},"Language":[],"NextChoiceId":4,"NextAnswerId":1,"QuestionID":"QID8","DataVisibility":{"Private":false,"Hidden":false}}},{"SurveyID":"SV_3wVw0sBKaajfjUh","Element":"SQ","PrimaryAttribute":"QID6","SecondaryAttribute":"Which type of operating system do you use on your primary laptop or desktop computer?","TertiaryAttribute":null,"Payload":{"QuestionText":"<p>Which type of operating system do you use on your primary laptop or desktop computer?<\/p>","DataExportTag":"Q6_OS","QuestionType":"MC","Selector":"SAVR","SubSelector":"TX","Configuration":{"QuestionDescriptionOption":"UseText"},"QuestionDescription":"Which type of operating system do you use on your primary laptop or desktop computer?","Choices":{"1":{"Display":"Windows"},"2":{"Display":"MacOS"},"3":{"Display":"Linux"},"5":{"Display":"Other","TextEntry":"true"}},"ChoiceOrder":[1,2,3,"5"],"Validation":{"Settings":{"ForceResponse":"ON","ForceResponseType":"ON","Type":"None"}},"Language":[],"NextChoiceId":6,"NextAnswerId":1,"QuestionID":"QID6","DataVisibility":{"Private":false,"Hidden":false}}},{"SurveyID":"SV_3wVw0sBKaajfjUh","Element":"SQ","PrimaryAttribute":"QID7","SecondaryAttribute":"While using the internet, have you ever done any of the following things?","TertiaryAttribute":null,"Payload":{"QuestionText":"While using the internet, have you ever done any of the following things?","DefaultChoices":false,"DataExportTag":"Q7_behavior","QuestionType":"Matrix","Selector":"Likert","SubSelector":"SingleAnswer","Configuration":{"QuestionDescriptionOption":"UseText","TextPosition":"inline","ChoiceColumnWidth":25,"RepeatHeaders":"none","WhiteSpace":"OFF","MobileFirst":true},"QuestionDescription":"While using the internet, have you ever done any of the following things?","Choices":{"2":{"Display":"Added a privacy-enhancing browser plugin like DoNotTrackMe or Privacy Badger"},"5":{"Display":"Cleared cookies and browser history"},"12":{"Display":"Used a search engine that doesn\u2019t keep track of your search history"},"13":{"Display":"Refused to provide information about yourself that wasn\u2019t relevant to the transaction"}},"ChoiceOrder":[5,13,2,12],"Validation":{"Settings":{"ForceResponse":"ON","ForceResponseType":"ON","Type":"None"}},"GradingData":[],"AnalyzeChoices":{"4":"No"},"Language":[],"NextChoiceId":14,"NextAnswerId":5,"Answers":{"1":{"Display":"Yes"},"2":{"Display":"No"},"3":{"Display":"Does not apply to me"},"4":{"Display":"I don't know"}},"AnswerOrder":[1,2,3,4],"ChoiceDataExportTags":false,"QuestionID":"QID7","Randomization":{"Advanced":null,"Type":"All","TotalRandSubset":""},"DataVisibility":{"Private":false,"Hidden":false}}},{"SurveyID":"SV_3wVw0sBKaajfjUh","Element":"SQ","PrimaryAttribute":"QID11","SecondaryAttribute":"Will you be available to participate in a study session held on Carnegie Mellon University's camp...","TertiaryAttribute":null,"Payload":{"QuestionText":"Will you be available to participate in a study session held on Carnegie Mellon University's campus between April 15 and June 21, 2019?","DataExportTag":"Q11_availability","QuestionType":"MC","Selector":"SAVR","SubSelector":"TX","Configuration":{"QuestionDescriptionOption":"UseText"},"QuestionDescription":"Will you be available to participate in a study session held on Carnegie Mellon University's camp...","Choices":{"1":{"Display":"Yes"},"3":{"Display":"No"},"4":{"Display":"I'm interested but I'd prefer a different date (please specify date)","TextEntry":"true"}},"ChoiceOrder":["1","3","4"],"Validation":{"Settings":{"ForceResponse":"ON","ForceResponseType":"ON","Type":"None"}},"Language":[],"NextChoiceId":5,"NextAnswerId":1,"QuestionID":"QID11","DataVisibility":{"Private":false,"Hidden":false}}}]}